// !$*UTF8*$!
{
	archiveVersion = 1;
	classes = {
	};
	objectVersion = 56;
	objects = {

/* Begin PBXBuildFile section */
		850E69B92BA14AE70002D1F9 /* Algorithms in Frameworks */ = {isa = PBXBuildFile; productRef = 850E69B82BA14AE70002D1F9 /* Algorithms */; };
		850E69BB2BA14B080002D1F9 /* Algorithms in Frameworks */ = {isa = PBXBuildFile; productRef = 850E69BA2BA14B080002D1F9 /* Algorithms */; };
		853061702B8D84AF0080E170 /* ArgumentParser in Frameworks */ = {isa = PBXBuildFile; productRef = 8530616F2B8D84AF0080E170 /* ArgumentParser */; };
		853061732B8DC7E60080E170 /* ArgumentParser in Frameworks */ = {isa = PBXBuildFile; productRef = 853061722B8DC7E60080E170 /* ArgumentParser */; };
		8581262F2C4EDF4C00F0D5B1 /* EmptyRectangles.swift in Sources */ = {isa = PBXBuildFile; fileRef = 8581262E2C4EDF4C00F0D5B1 /* EmptyRectangles.swift */; };
		858126302C4EDF4C00F0D5B1 /* EmptyRectangles.swift in Sources */ = {isa = PBXBuildFile; fileRef = 8581262E2C4EDF4C00F0D5B1 /* EmptyRectangles.swift */; };
		858126322C4EDFA000F0D5B1 /* EmptyRectanglesTest.swift in Sources */ = {isa = PBXBuildFile; fileRef = 858126312C4EDFA000F0D5B1 /* EmptyRectanglesTest.swift */; };
		858D84072BF8751500614631 /* BUG.swift in Sources */ = {isa = PBXBuildFile; fileRef = 858D84062BF8751500614631 /* BUG.swift */; };
		858D84082BF8751500614631 /* BUG.swift in Sources */ = {isa = PBXBuildFile; fileRef = 858D84062BF8751500614631 /* BUG.swift */; };
		858D840A2BF877B200614631 /* BUGTest.swift in Sources */ = {isa = PBXBuildFile; fileRef = 858D84092BF877B200614631 /* BUGTest.swift */; };
		858D840C2BF9919D00614631 /* XYChains.swift in Sources */ = {isa = PBXBuildFile; fileRef = 858D840B2BF9919D00614631 /* XYChains.swift */; };
		858D840D2BF9919D00614631 /* XYChains.swift in Sources */ = {isa = PBXBuildFile; fileRef = 858D840B2BF9919D00614631 /* XYChains.swift */; };
		858D840F2BF9924B00614631 /* XYChainsTest.swift in Sources */ = {isa = PBXBuildFile; fileRef = 858D840E2BF9924B00614631 /* XYChainsTest.swift */; };
		858D84112BFD12E200614631 /* Graphs.swift in Sources */ = {isa = PBXBuildFile; fileRef = 858D84102BFD12E200614631 /* Graphs.swift */; };
		858D84122BFD12E200614631 /* Graphs.swift in Sources */ = {isa = PBXBuildFile; fileRef = 858D84102BFD12E200614631 /* Graphs.swift */; };
		858D84142BFE355F00614631 /* Medusa.swift in Sources */ = {isa = PBXBuildFile; fileRef = 858D84132BFE355F00614631 /* Medusa.swift */; };
		858D84152BFE355F00614631 /* Medusa.swift in Sources */ = {isa = PBXBuildFile; fileRef = 858D84132BFE355F00614631 /* Medusa.swift */; };
		858D84172BFE3D1D00614631 /* MedusaTest.swift in Sources */ = {isa = PBXBuildFile; fileRef = 858D84162BFE3D1D00614631 /* MedusaTest.swift */; };
		858D84192C00E26200614631 /* Jellyfish.swift in Sources */ = {isa = PBXBuildFile; fileRef = 858D84182C00E26200614631 /* Jellyfish.swift */; };
		858D841A2C00E26200614631 /* Jellyfish.swift in Sources */ = {isa = PBXBuildFile; fileRef = 858D84182C00E26200614631 /* Jellyfish.swift */; };
		858D841C2C00E2A800614631 /* JellyfishTest.swift in Sources */ = {isa = PBXBuildFile; fileRef = 858D841B2C00E2A800614631 /* JellyfishTest.swift */; };
		858D841E2C08FFFC00614631 /* UniqueRectangles.swift in Sources */ = {isa = PBXBuildFile; fileRef = 858D841D2C08FFFC00614631 /* UniqueRectangles.swift */; };
		858D841F2C08FFFC00614631 /* UniqueRectangles.swift in Sources */ = {isa = PBXBuildFile; fileRef = 858D841D2C08FFFC00614631 /* UniqueRectangles.swift */; };
		858D84212C09375600614631 /* UniqueRectanglesTest.swift in Sources */ = {isa = PBXBuildFile; fileRef = 858D84202C09375600614631 /* UniqueRectanglesTest.swift */; };
		8592182F2BCE117D004FCDD1 /* HiddenSingles.swift in Sources */ = {isa = PBXBuildFile; fileRef = 8592182E2BCE117D004FCDD1 /* HiddenSingles.swift */; };
		859218302BCE117D004FCDD1 /* HiddenSingles.swift in Sources */ = {isa = PBXBuildFile; fileRef = 8592182E2BCE117D004FCDD1 /* HiddenSingles.swift */; };
		859218322BCE11E1004FCDD1 /* HiddenSinglesTest.swift in Sources */ = {isa = PBXBuildFile; fileRef = 859218312BCE11E1004FCDD1 /* HiddenSinglesTest.swift */; };
		859218342BD37F8C004FCDD1 /* NakedPairs.swift in Sources */ = {isa = PBXBuildFile; fileRef = 859218332BD37F8C004FCDD1 /* NakedPairs.swift */; };
		859218352BD37F8C004FCDD1 /* NakedPairs.swift in Sources */ = {isa = PBXBuildFile; fileRef = 859218332BD37F8C004FCDD1 /* NakedPairs.swift */; };
		859218372BD38106004FCDD1 /* NakedPairsTest.swift in Sources */ = {isa = PBXBuildFile; fileRef = 859218362BD38106004FCDD1 /* NakedPairsTest.swift */; };
		859218392BD4669D004FCDD1 /* Collections.swift in Sources */ = {isa = PBXBuildFile; fileRef = 859218382BD4669D004FCDD1 /* Collections.swift */; };
		8592183A2BD4669D004FCDD1 /* Collections.swift in Sources */ = {isa = PBXBuildFile; fileRef = 859218382BD4669D004FCDD1 /* Collections.swift */; };
		8592183C2BD4CFBF004FCDD1 /* NakedTriples.swift in Sources */ = {isa = PBXBuildFile; fileRef = 8592183B2BD4CFBF004FCDD1 /* NakedTriples.swift */; };
		8592183D2BD4CFBF004FCDD1 /* NakedTriples.swift in Sources */ = {isa = PBXBuildFile; fileRef = 8592183B2BD4CFBF004FCDD1 /* NakedTriples.swift */; };
		8592183F2BD4D01F004FCDD1 /* NakedTriplesTest.swift in Sources */ = {isa = PBXBuildFile; fileRef = 8592183E2BD4D01F004FCDD1 /* NakedTriplesTest.swift */; };
		859218412BD77132004FCDD1 /* HiddenPairs.swift in Sources */ = {isa = PBXBuildFile; fileRef = 859218402BD77132004FCDD1 /* HiddenPairs.swift */; };
		859218422BD77132004FCDD1 /* HiddenPairs.swift in Sources */ = {isa = PBXBuildFile; fileRef = 859218402BD77132004FCDD1 /* HiddenPairs.swift */; };
		859218442BD77198004FCDD1 /* HiddenPairsTest.swift in Sources */ = {isa = PBXBuildFile; fileRef = 859218432BD77198004FCDD1 /* HiddenPairsTest.swift */; };
		859218462BD83566004FCDD1 /* HiddenTriples.swift in Sources */ = {isa = PBXBuildFile; fileRef = 859218452BD83566004FCDD1 /* HiddenTriples.swift */; };
		859218472BD83566004FCDD1 /* HiddenTriples.swift in Sources */ = {isa = PBXBuildFile; fileRef = 859218452BD83566004FCDD1 /* HiddenTriples.swift */; };
		859218492BD835CF004FCDD1 /* HiddenTriplesTest.swift in Sources */ = {isa = PBXBuildFile; fileRef = 859218482BD835CF004FCDD1 /* HiddenTriplesTest.swift */; };
		8592184B2BD8C4A7004FCDD1 /* NakedQuads.swift in Sources */ = {isa = PBXBuildFile; fileRef = 8592184A2BD8C4A7004FCDD1 /* NakedQuads.swift */; };
		8592184C2BD8C4A7004FCDD1 /* NakedQuads.swift in Sources */ = {isa = PBXBuildFile; fileRef = 8592184A2BD8C4A7004FCDD1 /* NakedQuads.swift */; };
		8592184E2BD8C51C004FCDD1 /* NakedQuadsTest.swift in Sources */ = {isa = PBXBuildFile; fileRef = 8592184D2BD8C51C004FCDD1 /* NakedQuadsTest.swift */; };
		859218502BD958E3004FCDD1 /* HiddenQuads.swift in Sources */ = {isa = PBXBuildFile; fileRef = 8592184F2BD958E3004FCDD1 /* HiddenQuads.swift */; };
		859218512BD958E3004FCDD1 /* HiddenQuads.swift in Sources */ = {isa = PBXBuildFile; fileRef = 8592184F2BD958E3004FCDD1 /* HiddenQuads.swift */; };
		859218532BD95956004FCDD1 /* HiddenQuadsTest.swift in Sources */ = {isa = PBXBuildFile; fileRef = 859218522BD95956004FCDD1 /* HiddenQuadsTest.swift */; };
		859218552BDA275C004FCDD1 /* PointingPairsPointingTriple.swift in Sources */ = {isa = PBXBuildFile; fileRef = 859218542BDA275C004FCDD1 /* PointingPairsPointingTriple.swift */; };
		859218562BDA275C004FCDD1 /* PointingPairsPointingTriple.swift in Sources */ = {isa = PBXBuildFile; fileRef = 859218542BDA275C004FCDD1 /* PointingPairsPointingTriple.swift */; };
		859218582BDA27FB004FCDD1 /* PointingPairsPointingTriplesTest.swift in Sources */ = {isa = PBXBuildFile; fileRef = 859218572BDA27FB004FCDD1 /* PointingPairsPointingTriplesTest.swift */; };
		8592185A2BDAD647004FCDD1 /* BoxLineReduction.swift in Sources */ = {isa = PBXBuildFile; fileRef = 859218592BDAD647004FCDD1 /* BoxLineReduction.swift */; };
		8592185B2BDAD647004FCDD1 /* BoxLineReduction.swift in Sources */ = {isa = PBXBuildFile; fileRef = 859218592BDAD647004FCDD1 /* BoxLineReduction.swift */; };
		8592185D2BDAD6BC004FCDD1 /* BoxLineReductionTest.swift in Sources */ = {isa = PBXBuildFile; fileRef = 8592185C2BDAD6BC004FCDD1 /* BoxLineReductionTest.swift */; };
		859218602BDCCE6E004FCDD1 /* XWing.swift in Sources */ = {isa = PBXBuildFile; fileRef = 8592185F2BDCCE6E004FCDD1 /* XWing.swift */; };
		859218612BDCCE6E004FCDD1 /* XWing.swift in Sources */ = {isa = PBXBuildFile; fileRef = 8592185F2BDCCE6E004FCDD1 /* XWing.swift */; };
		859218642BDCCF37004FCDD1 /* XWingTest.swift in Sources */ = {isa = PBXBuildFile; fileRef = 859218632BDCCF37004FCDD1 /* XWingTest.swift */; };
		859218672BDDDF5C004FCDD1 /* SwiftGraph in Frameworks */ = {isa = PBXBuildFile; productRef = 859218662BDDDF5C004FCDD1 /* SwiftGraph */; };
		859218692BDDDF66004FCDD1 /* SwiftGraph in Frameworks */ = {isa = PBXBuildFile; productRef = 859218682BDDDF66004FCDD1 /* SwiftGraph */; };
		8592186B2BDDDFF4004FCDD1 /* SimpleColoring.swift in Sources */ = {isa = PBXBuildFile; fileRef = 8592186A2BDDDFF4004FCDD1 /* SimpleColoring.swift */; };
		8592186C2BDDDFF4004FCDD1 /* SimpleColoring.swift in Sources */ = {isa = PBXBuildFile; fileRef = 8592186A2BDDDFF4004FCDD1 /* SimpleColoring.swift */; };
		8592186E2BDDE089004FCDD1 /* SimpleColoringTest.swift in Sources */ = {isa = PBXBuildFile; fileRef = 8592186D2BDDE089004FCDD1 /* SimpleColoringTest.swift */; };
		859218702BE30F66004FCDD1 /* YWing.swift in Sources */ = {isa = PBXBuildFile; fileRef = 8592186F2BE30F66004FCDD1 /* YWing.swift */; };
		859218712BE30F66004FCDD1 /* YWing.swift in Sources */ = {isa = PBXBuildFile; fileRef = 8592186F2BE30F66004FCDD1 /* YWing.swift */; };
		859218732BE30FEB004FCDD1 /* YWingTest.swift in Sources */ = {isa = PBXBuildFile; fileRef = 859218722BE30FEB004FCDD1 /* YWingTest.swift */; };
		859E961D2C1594DA00928244 /* ExtendedUniqueRectangles.swift in Sources */ = {isa = PBXBuildFile; fileRef = 859E961C2C1594DA00928244 /* ExtendedUniqueRectangles.swift */; };
		859E961E2C1594DA00928244 /* ExtendedUniqueRectangles.swift in Sources */ = {isa = PBXBuildFile; fileRef = 859E961C2C1594DA00928244 /* ExtendedUniqueRectangles.swift */; };
		859E96202C15952500928244 /* ExtendedUniqueRectanglesTest.swift in Sources */ = {isa = PBXBuildFile; fileRef = 859E961F2C15952500928244 /* ExtendedUniqueRectanglesTest.swift */; };
		859E96222C24B52A00928244 /* HiddenUniqueRectangles.swift in Sources */ = {isa = PBXBuildFile; fileRef = 859E96212C24B52A00928244 /* HiddenUniqueRectangles.swift */; };
		859E96232C24B52A00928244 /* HiddenUniqueRectangles.swift in Sources */ = {isa = PBXBuildFile; fileRef = 859E96212C24B52A00928244 /* HiddenUniqueRectangles.swift */; };
		859E96252C26A1F600928244 /* HiddenUniqueRectanglesTest.swift in Sources */ = {isa = PBXBuildFile; fileRef = 859E96242C26A1F600928244 /* HiddenUniqueRectanglesTest.swift */; };
		859E96272C2F1CB400928244 /* Rectangles.swift in Sources */ = {isa = PBXBuildFile; fileRef = 859E96262C2F1CB400928244 /* Rectangles.swift */; };
		859E96282C2F1CB400928244 /* Rectangles.swift in Sources */ = {isa = PBXBuildFile; fileRef = 859E96262C2F1CB400928244 /* Rectangles.swift */; };
		859E962A2C308AEB00928244 /* WXYZWing.swift in Sources */ = {isa = PBXBuildFile; fileRef = 859E96292C308AEB00928244 /* WXYZWing.swift */; };
		859E962B2C308AEB00928244 /* WXYZWing.swift in Sources */ = {isa = PBXBuildFile; fileRef = 859E96292C308AEB00928244 /* WXYZWing.swift */; };
		859E962D2C308B4B00928244 /* WXYZWingTest.swift in Sources */ = {isa = PBXBuildFile; fileRef = 859E962C2C308B4B00928244 /* WXYZWingTest.swift */; };
		859E962F2C320CF800928244 /* AlignedPairExclusion.swift in Sources */ = {isa = PBXBuildFile; fileRef = 859E962E2C320CF800928244 /* AlignedPairExclusion.swift */; };
		859E96302C320CF800928244 /* AlignedPairExclusion.swift in Sources */ = {isa = PBXBuildFile; fileRef = 859E962E2C320CF800928244 /* AlignedPairExclusion.swift */; };
		859E96322C320D4C00928244 /* AlignedPairExclusionTest.swift in Sources */ = {isa = PBXBuildFile; fileRef = 859E96312C320D4C00928244 /* AlignedPairExclusionTest.swift */; };
		859E96352C3473B000928244 /* GroupedXCycles.swift in Sources */ = {isa = PBXBuildFile; fileRef = 859E96342C3473B000928244 /* GroupedXCycles.swift */; };
		859E96362C3473B000928244 /* GroupedXCycles.swift in Sources */ = {isa = PBXBuildFile; fileRef = 859E96342C3473B000928244 /* GroupedXCycles.swift */; };
		859E96392C34752C00928244 /* GroupedXCyclesTest.swift in Sources */ = {isa = PBXBuildFile; fileRef = 859E96382C34752C00928244 /* GroupedXCyclesTest.swift */; };
		85CF6BFC2ADA611A0076BD62 /* SudokuNumber.swift in Sources */ = {isa = PBXBuildFile; fileRef = 85CF6BFB2ADA611A0076BD62 /* SudokuNumber.swift */; };
		85CF6BFE2ADA63520076BD62 /* Board.swift in Sources */ = {isa = PBXBuildFile; fileRef = 85CF6BFD2ADA63520076BD62 /* Board.swift */; };
		85EB77592B3C86670084B86F /* BoardModification.swift in Sources */ = {isa = PBXBuildFile; fileRef = 85EB77582B3C86670084B86F /* BoardModification.swift */; };
		85EB775B2B3C958E0084B86F /* Assertions.swift in Sources */ = {isa = PBXBuildFile; fileRef = 85EB775A2B3C958E0084B86F /* Assertions.swift */; };
		85EB775C2B3C95E80084B86F /* BoardModification.swift in Sources */ = {isa = PBXBuildFile; fileRef = 85EB77582B3C86670084B86F /* BoardModification.swift */; };
		85EB775D2B3C95F60084B86F /* Cell.swift in Sources */ = {isa = PBXBuildFile; fileRef = 85F52FCC2B1F02020018E190 /* Cell.swift */; };
		85EB77602B3CD64C0084B86F /* PruneCandidates.swift in Sources */ = {isa = PBXBuildFile; fileRef = 85EB775F2B3CD64C0084B86F /* PruneCandidates.swift */; };
		85EB77632B3CD6DD0084B86F /* PruneCandidatesTest.swift in Sources */ = {isa = PBXBuildFile; fileRef = 85EB77622B3CD6DD0084B86F /* PruneCandidatesTest.swift */; };
		85EB77642B3CDAB00084B86F /* PruneCandidates.swift in Sources */ = {isa = PBXBuildFile; fileRef = 85EB775F2B3CD64C0084B86F /* PruneCandidates.swift */; };
		85EB77662B3E0A510084B86F /* NakedSingles.swift in Sources */ = {isa = PBXBuildFile; fileRef = 85EB77652B3E0A510084B86F /* NakedSingles.swift */; };
		85EB77682B3E0A9F0084B86F /* NakedSinglesTest.swift in Sources */ = {isa = PBXBuildFile; fileRef = 85EB77672B3E0A9F0084B86F /* NakedSinglesTest.swift */; };
		85EB77692B3E0CAC0084B86F /* NakedSingles.swift in Sources */ = {isa = PBXBuildFile; fileRef = 85EB77652B3E0A510084B86F /* NakedSingles.swift */; };
		85EB776B2B51EA350084B86F /* SudokuSolverTest.swift in Sources */ = {isa = PBXBuildFile; fileRef = 85EB776A2B51EA350084B86F /* SudokuSolverTest.swift */; };
		85EB776D2B51EBE90084B86F /* SudokuSolver.swift in Sources */ = {isa = PBXBuildFile; fileRef = 85EB776C2B51EBE90084B86F /* SudokuSolver.swift */; };
		85EB776E2B51EBE90084B86F /* SudokuSolver.swift in Sources */ = {isa = PBXBuildFile; fileRef = 85EB776C2B51EBE90084B86F /* SudokuSolver.swift */; };
		85F52FC22B19A8730018E190 /* SudokuNumber.swift in Sources */ = {isa = PBXBuildFile; fileRef = 85CF6BFB2ADA611A0076BD62 /* SudokuNumber.swift */; };
		85F52FC42B19A8CD0018E190 /* Board.swift in Sources */ = {isa = PBXBuildFile; fileRef = 85CF6BFD2ADA63520076BD62 /* Board.swift */; };
		85F52FC62B19A96F0018E190 /* BruteForceTest.swift in Sources */ = {isa = PBXBuildFile; fileRef = 85F52FC52B19A96F0018E190 /* BruteForceTest.swift */; };
		85F52FC72B19AB2B0018E190 /* BruteForce.swift in Sources */ = {isa = PBXBuildFile; fileRef = 85F57BDF2AF4069400144ABF /* BruteForce.swift */; };
		85F52FCD2B1F02020018E190 /* Cell.swift in Sources */ = {isa = PBXBuildFile; fileRef = 85F52FCC2B1F02020018E190 /* Cell.swift */; };
		85F57BE02AF4069400144ABF /* BruteForce.swift in Sources */ = {isa = PBXBuildFile; fileRef = 85F57BDF2AF4069400144ABF /* BruteForce.swift */; };
		85FA48142BE3580100D8B07F /* Swordfish.swift in Sources */ = {isa = PBXBuildFile; fileRef = 85FA48132BE3580100D8B07F /* Swordfish.swift */; };
		85FA48152BE3580100D8B07F /* Swordfish.swift in Sources */ = {isa = PBXBuildFile; fileRef = 85FA48132BE3580100D8B07F /* Swordfish.swift */; };
		85FA48172BE3590200D8B07F /* SwordfishTest.swift in Sources */ = {isa = PBXBuildFile; fileRef = 85FA48162BE3590200D8B07F /* SwordfishTest.swift */; };
		85FA48192BE44B2600D8B07F /* XYZWing.swift in Sources */ = {isa = PBXBuildFile; fileRef = 85FA48182BE44B2600D8B07F /* XYZWing.swift */; };
		85FA481A2BE44B2600D8B07F /* XYZWing.swift in Sources */ = {isa = PBXBuildFile; fileRef = 85FA48182BE44B2600D8B07F /* XYZWing.swift */; };
		85FA481C2BE44BCF00D8B07F /* XYZWingTest.swift in Sources */ = {isa = PBXBuildFile; fileRef = 85FA481B2BE44BCF00D8B07F /* XYZWingTest.swift */; };
		85FA481F2BE559E400D8B07F /* XCycles.swift in Sources */ = {isa = PBXBuildFile; fileRef = 85FA481E2BE559E400D8B07F /* XCycles.swift */; };
		85FA48202BE559E400D8B07F /* XCycles.swift in Sources */ = {isa = PBXBuildFile; fileRef = 85FA481E2BE559E400D8B07F /* XCycles.swift */; };
		85FA48232BE749E900D8B07F /* XCyclesTest.swift in Sources */ = {isa = PBXBuildFile; fileRef = 85FA48222BE749E900D8B07F /* XCyclesTest.swift */; };
/* End PBXBuildFile section */

/* Begin PBXCopyFilesBuildPhase section */
		85F34B342AC35C3F00744103 /* CopyFiles */ = {
			isa = PBXCopyFilesBuildPhase;
			buildActionMask = 2147483647;
			dstPath = /usr/share/man/man1/;
			dstSubfolderSpec = 0;
			files = (
			);
			runOnlyForDeploymentPostprocessing = 1;
		};
/* End PBXCopyFilesBuildPhase section */

/* Begin PBXFileReference section */
		8581262E2C4EDF4C00F0D5B1 /* EmptyRectangles.swift */ = {isa = PBXFileReference; lastKnownFileType = sourcecode.swift; path = EmptyRectangles.swift; sourceTree = "<group>"; };
		858126312C4EDFA000F0D5B1 /* EmptyRectanglesTest.swift */ = {isa = PBXFileReference; lastKnownFileType = sourcecode.swift; path = EmptyRectanglesTest.swift; sourceTree = "<group>"; };
		858D84062BF8751500614631 /* BUG.swift */ = {isa = PBXFileReference; lastKnownFileType = sourcecode.swift; path = BUG.swift; sourceTree = "<group>"; };
		858D84092BF877B200614631 /* BUGTest.swift */ = {isa = PBXFileReference; lastKnownFileType = sourcecode.swift; path = BUGTest.swift; sourceTree = "<group>"; };
		858D840B2BF9919D00614631 /* XYChains.swift */ = {isa = PBXFileReference; lastKnownFileType = sourcecode.swift; path = XYChains.swift; sourceTree = "<group>"; };
		858D840E2BF9924B00614631 /* XYChainsTest.swift */ = {isa = PBXFileReference; lastKnownFileType = sourcecode.swift; path = XYChainsTest.swift; sourceTree = "<group>"; };
		858D84102BFD12E200614631 /* Graphs.swift */ = {isa = PBXFileReference; lastKnownFileType = sourcecode.swift; path = Graphs.swift; sourceTree = "<group>"; };
		858D84132BFE355F00614631 /* Medusa.swift */ = {isa = PBXFileReference; lastKnownFileType = sourcecode.swift; path = Medusa.swift; sourceTree = "<group>"; };
		858D84162BFE3D1D00614631 /* MedusaTest.swift */ = {isa = PBXFileReference; lastKnownFileType = sourcecode.swift; path = MedusaTest.swift; sourceTree = "<group>"; };
		858D84182C00E26200614631 /* Jellyfish.swift */ = {isa = PBXFileReference; lastKnownFileType = sourcecode.swift; path = Jellyfish.swift; sourceTree = "<group>"; };
		858D841B2C00E2A800614631 /* JellyfishTest.swift */ = {isa = PBXFileReference; lastKnownFileType = sourcecode.swift; path = JellyfishTest.swift; sourceTree = "<group>"; };
		858D841D2C08FFFC00614631 /* UniqueRectangles.swift */ = {isa = PBXFileReference; lastKnownFileType = sourcecode.swift; path = UniqueRectangles.swift; sourceTree = "<group>"; };
		858D84202C09375600614631 /* UniqueRectanglesTest.swift */ = {isa = PBXFileReference; lastKnownFileType = sourcecode.swift; path = UniqueRectanglesTest.swift; sourceTree = "<group>"; };
		8592182E2BCE117D004FCDD1 /* HiddenSingles.swift */ = {isa = PBXFileReference; lastKnownFileType = sourcecode.swift; path = HiddenSingles.swift; sourceTree = "<group>"; };
		859218312BCE11E1004FCDD1 /* HiddenSinglesTest.swift */ = {isa = PBXFileReference; lastKnownFileType = sourcecode.swift; path = HiddenSinglesTest.swift; sourceTree = "<group>"; };
		859218332BD37F8C004FCDD1 /* NakedPairs.swift */ = {isa = PBXFileReference; lastKnownFileType = sourcecode.swift; path = NakedPairs.swift; sourceTree = "<group>"; };
		859218362BD38106004FCDD1 /* NakedPairsTest.swift */ = {isa = PBXFileReference; lastKnownFileType = sourcecode.swift; path = NakedPairsTest.swift; sourceTree = "<group>"; };
		859218382BD4669D004FCDD1 /* Collections.swift */ = {isa = PBXFileReference; lastKnownFileType = sourcecode.swift; path = Collections.swift; sourceTree = "<group>"; };
		8592183B2BD4CFBF004FCDD1 /* NakedTriples.swift */ = {isa = PBXFileReference; lastKnownFileType = sourcecode.swift; path = NakedTriples.swift; sourceTree = "<group>"; };
		8592183E2BD4D01F004FCDD1 /* NakedTriplesTest.swift */ = {isa = PBXFileReference; lastKnownFileType = sourcecode.swift; path = NakedTriplesTest.swift; sourceTree = "<group>"; };
		859218402BD77132004FCDD1 /* HiddenPairs.swift */ = {isa = PBXFileReference; lastKnownFileType = sourcecode.swift; path = HiddenPairs.swift; sourceTree = "<group>"; };
		859218432BD77198004FCDD1 /* HiddenPairsTest.swift */ = {isa = PBXFileReference; lastKnownFileType = sourcecode.swift; path = HiddenPairsTest.swift; sourceTree = "<group>"; };
		859218452BD83566004FCDD1 /* HiddenTriples.swift */ = {isa = PBXFileReference; lastKnownFileType = sourcecode.swift; path = HiddenTriples.swift; sourceTree = "<group>"; };
		859218482BD835CF004FCDD1 /* HiddenTriplesTest.swift */ = {isa = PBXFileReference; lastKnownFileType = sourcecode.swift; path = HiddenTriplesTest.swift; sourceTree = "<group>"; };
		8592184A2BD8C4A7004FCDD1 /* NakedQuads.swift */ = {isa = PBXFileReference; lastKnownFileType = sourcecode.swift; path = NakedQuads.swift; sourceTree = "<group>"; };
		8592184D2BD8C51C004FCDD1 /* NakedQuadsTest.swift */ = {isa = PBXFileReference; lastKnownFileType = sourcecode.swift; path = NakedQuadsTest.swift; sourceTree = "<group>"; };
		8592184F2BD958E3004FCDD1 /* HiddenQuads.swift */ = {isa = PBXFileReference; lastKnownFileType = sourcecode.swift; path = HiddenQuads.swift; sourceTree = "<group>"; };
		859218522BD95956004FCDD1 /* HiddenQuadsTest.swift */ = {isa = PBXFileReference; lastKnownFileType = sourcecode.swift; path = HiddenQuadsTest.swift; sourceTree = "<group>"; };
		859218542BDA275C004FCDD1 /* PointingPairsPointingTriple.swift */ = {isa = PBXFileReference; lastKnownFileType = sourcecode.swift; path = PointingPairsPointingTriple.swift; sourceTree = "<group>"; };
		859218572BDA27FB004FCDD1 /* PointingPairsPointingTriplesTest.swift */ = {isa = PBXFileReference; lastKnownFileType = sourcecode.swift; path = PointingPairsPointingTriplesTest.swift; sourceTree = "<group>"; };
		859218592BDAD647004FCDD1 /* BoxLineReduction.swift */ = {isa = PBXFileReference; lastKnownFileType = sourcecode.swift; path = BoxLineReduction.swift; sourceTree = "<group>"; };
		8592185C2BDAD6BC004FCDD1 /* BoxLineReductionTest.swift */ = {isa = PBXFileReference; lastKnownFileType = sourcecode.swift; path = BoxLineReductionTest.swift; sourceTree = "<group>"; };
		8592185F2BDCCE6E004FCDD1 /* XWing.swift */ = {isa = PBXFileReference; lastKnownFileType = sourcecode.swift; path = XWing.swift; sourceTree = "<group>"; };
		859218632BDCCF37004FCDD1 /* XWingTest.swift */ = {isa = PBXFileReference; lastKnownFileType = sourcecode.swift; path = XWingTest.swift; sourceTree = "<group>"; };
		8592186A2BDDDFF4004FCDD1 /* SimpleColoring.swift */ = {isa = PBXFileReference; lastKnownFileType = sourcecode.swift; path = SimpleColoring.swift; sourceTree = "<group>"; };
		8592186D2BDDE089004FCDD1 /* SimpleColoringTest.swift */ = {isa = PBXFileReference; lastKnownFileType = sourcecode.swift; path = SimpleColoringTest.swift; sourceTree = "<group>"; };
		8592186F2BE30F66004FCDD1 /* YWing.swift */ = {isa = PBXFileReference; lastKnownFileType = sourcecode.swift; path = YWing.swift; sourceTree = "<group>"; };
		859218722BE30FEB004FCDD1 /* YWingTest.swift */ = {isa = PBXFileReference; lastKnownFileType = sourcecode.swift; path = YWingTest.swift; sourceTree = "<group>"; };
		859E961C2C1594DA00928244 /* ExtendedUniqueRectangles.swift */ = {isa = PBXFileReference; lastKnownFileType = sourcecode.swift; path = ExtendedUniqueRectangles.swift; sourceTree = "<group>"; };
		859E961F2C15952500928244 /* ExtendedUniqueRectanglesTest.swift */ = {isa = PBXFileReference; lastKnownFileType = sourcecode.swift; path = ExtendedUniqueRectanglesTest.swift; sourceTree = "<group>"; };
		859E96212C24B52A00928244 /* HiddenUniqueRectangles.swift */ = {isa = PBXFileReference; lastKnownFileType = sourcecode.swift; path = HiddenUniqueRectangles.swift; sourceTree = "<group>"; };
		859E96242C26A1F600928244 /* HiddenUniqueRectanglesTest.swift */ = {isa = PBXFileReference; lastKnownFileType = sourcecode.swift; path = HiddenUniqueRectanglesTest.swift; sourceTree = "<group>"; };
		859E96262C2F1CB400928244 /* Rectangles.swift */ = {isa = PBXFileReference; lastKnownFileType = sourcecode.swift; path = Rectangles.swift; sourceTree = "<group>"; };
		859E96292C308AEB00928244 /* WXYZWing.swift */ = {isa = PBXFileReference; lastKnownFileType = sourcecode.swift; path = WXYZWing.swift; sourceTree = "<group>"; };
		859E962C2C308B4B00928244 /* WXYZWingTest.swift */ = {isa = PBXFileReference; lastKnownFileType = sourcecode.swift; path = WXYZWingTest.swift; sourceTree = "<group>"; };
		859E962E2C320CF800928244 /* AlignedPairExclusion.swift */ = {isa = PBXFileReference; lastKnownFileType = sourcecode.swift; path = AlignedPairExclusion.swift; sourceTree = "<group>"; };
		859E96312C320D4C00928244 /* AlignedPairExclusionTest.swift */ = {isa = PBXFileReference; lastKnownFileType = sourcecode.swift; path = AlignedPairExclusionTest.swift; sourceTree = "<group>"; };
		859E96342C3473B000928244 /* GroupedXCycles.swift */ = {isa = PBXFileReference; lastKnownFileType = sourcecode.swift; path = GroupedXCycles.swift; sourceTree = "<group>"; };
		859E96382C34752C00928244 /* GroupedXCyclesTest.swift */ = {isa = PBXFileReference; lastKnownFileType = sourcecode.swift; path = GroupedXCyclesTest.swift; sourceTree = "<group>"; };
		85CF6BFB2ADA611A0076BD62 /* SudokuNumber.swift */ = {isa = PBXFileReference; lastKnownFileType = sourcecode.swift; path = SudokuNumber.swift; sourceTree = "<group>"; };
		85CF6BFD2ADA63520076BD62 /* Board.swift */ = {isa = PBXFileReference; lastKnownFileType = sourcecode.swift; path = Board.swift; sourceTree = "<group>"; };
		85EB77582B3C86670084B86F /* BoardModification.swift */ = {isa = PBXFileReference; lastKnownFileType = sourcecode.swift; path = BoardModification.swift; sourceTree = "<group>"; };
		85EB775A2B3C958E0084B86F /* Assertions.swift */ = {isa = PBXFileReference; lastKnownFileType = sourcecode.swift; path = Assertions.swift; sourceTree = "<group>"; };
		85EB775F2B3CD64C0084B86F /* PruneCandidates.swift */ = {isa = PBXFileReference; lastKnownFileType = sourcecode.swift; path = PruneCandidates.swift; sourceTree = "<group>"; };
		85EB77622B3CD6DD0084B86F /* PruneCandidatesTest.swift */ = {isa = PBXFileReference; lastKnownFileType = sourcecode.swift; path = PruneCandidatesTest.swift; sourceTree = "<group>"; };
		85EB77652B3E0A510084B86F /* NakedSingles.swift */ = {isa = PBXFileReference; lastKnownFileType = sourcecode.swift; path = NakedSingles.swift; sourceTree = "<group>"; };
		85EB77672B3E0A9F0084B86F /* NakedSinglesTest.swift */ = {isa = PBXFileReference; lastKnownFileType = sourcecode.swift; path = NakedSinglesTest.swift; sourceTree = "<group>"; };
		85EB776A2B51EA350084B86F /* SudokuSolverTest.swift */ = {isa = PBXFileReference; lastKnownFileType = sourcecode.swift; path = SudokuSolverTest.swift; sourceTree = "<group>"; };
		85EB776C2B51EBE90084B86F /* SudokuSolver.swift */ = {isa = PBXFileReference; lastKnownFileType = sourcecode.swift; path = SudokuSolver.swift; sourceTree = "<group>"; };
		85F34B362AC35C3F00744103 /* SudokuSolver_Swift */ = {isa = PBXFileReference; explicitFileType = "compiled.mach-o.executable"; includeInIndex = 0; path = SudokuSolver_Swift; sourceTree = BUILT_PRODUCTS_DIR; };
		85F52FBB2B19A7A50018E190 /* SudokuSolver_Swift_Tests.xctest */ = {isa = PBXFileReference; explicitFileType = wrapper.cfbundle; includeInIndex = 0; path = SudokuSolver_Swift_Tests.xctest; sourceTree = BUILT_PRODUCTS_DIR; };
		85F52FC32B19A8AA0018E190 /* SudokuSolver_Swift.xctestplan */ = {isa = PBXFileReference; lastKnownFileType = text; path = SudokuSolver_Swift.xctestplan; sourceTree = "<group>"; };
		85F52FC52B19A96F0018E190 /* BruteForceTest.swift */ = {isa = PBXFileReference; lastKnownFileType = sourcecode.swift; path = BruteForceTest.swift; sourceTree = "<group>"; };
		85F52FCC2B1F02020018E190 /* Cell.swift */ = {isa = PBXFileReference; lastKnownFileType = sourcecode.swift; path = Cell.swift; sourceTree = "<group>"; };
		85F57BDF2AF4069400144ABF /* BruteForce.swift */ = {isa = PBXFileReference; lastKnownFileType = sourcecode.swift; path = BruteForce.swift; sourceTree = "<group>"; };
		85FA48132BE3580100D8B07F /* Swordfish.swift */ = {isa = PBXFileReference; lastKnownFileType = sourcecode.swift; path = Swordfish.swift; sourceTree = "<group>"; };
		85FA48162BE3590200D8B07F /* SwordfishTest.swift */ = {isa = PBXFileReference; lastKnownFileType = sourcecode.swift; path = SwordfishTest.swift; sourceTree = "<group>"; };
		85FA48182BE44B2600D8B07F /* XYZWing.swift */ = {isa = PBXFileReference; lastKnownFileType = sourcecode.swift; path = XYZWing.swift; sourceTree = "<group>"; };
		85FA481B2BE44BCF00D8B07F /* XYZWingTest.swift */ = {isa = PBXFileReference; lastKnownFileType = sourcecode.swift; path = XYZWingTest.swift; sourceTree = "<group>"; };
		85FA481E2BE559E400D8B07F /* XCycles.swift */ = {isa = PBXFileReference; lastKnownFileType = sourcecode.swift; path = XCycles.swift; sourceTree = "<group>"; };
		85FA48222BE749E900D8B07F /* XCyclesTest.swift */ = {isa = PBXFileReference; lastKnownFileType = sourcecode.swift; path = XCyclesTest.swift; sourceTree = "<group>"; };
/* End PBXFileReference section */

/* Begin PBXFrameworksBuildPhase section */
		85F34B332AC35C3F00744103 /* Frameworks */ = {
			isa = PBXFrameworksBuildPhase;
			buildActionMask = 2147483647;
			files = (
				850E69B92BA14AE70002D1F9 /* Algorithms in Frameworks */,
				853061702B8D84AF0080E170 /* ArgumentParser in Frameworks */,
				859218672BDDDF5C004FCDD1 /* SwiftGraph in Frameworks */,
			);
			runOnlyForDeploymentPostprocessing = 0;
		};
		85F52FB82B19A7A50018E190 /* Frameworks */ = {
			isa = PBXFrameworksBuildPhase;
			buildActionMask = 2147483647;
			files = (
				850E69BB2BA14B080002D1F9 /* Algorithms in Frameworks */,
				853061732B8DC7E60080E170 /* ArgumentParser in Frameworks */,
				859218692BDDDF66004FCDD1 /* SwiftGraph in Frameworks */,
			);
			runOnlyForDeploymentPostprocessing = 0;
		};
/* End PBXFrameworksBuildPhase section */

/* Begin PBXGroup section */
		853061712B8DC7E60080E170 /* Frameworks */ = {
			isa = PBXGroup;
			children = (
			);
			name = Frameworks;
			sourceTree = "<group>";
		};
		8592185E2BDCCE33004FCDD1 /* tough */ = {
			isa = PBXGroup;
			children = (
				8592185F2BDCCE6E004FCDD1 /* XWing.swift */,
				8592186A2BDDDFF4004FCDD1 /* SimpleColoring.swift */,
				8592186F2BE30F66004FCDD1 /* YWing.swift */,
				85FA48132BE3580100D8B07F /* Swordfish.swift */,
				85FA48182BE44B2600D8B07F /* XYZWing.swift */,
			);
			path = tough;
			sourceTree = "<group>";
		};
		859218622BDCCF28004FCDD1 /* tough */ = {
			isa = PBXGroup;
			children = (
				859218632BDCCF37004FCDD1 /* XWingTest.swift */,
				8592186D2BDDE089004FCDD1 /* SimpleColoringTest.swift */,
				859218722BE30FEB004FCDD1 /* YWingTest.swift */,
				85FA48162BE3590200D8B07F /* SwordfishTest.swift */,
				85FA481B2BE44BCF00D8B07F /* XYZWingTest.swift */,
			);
			path = tough;
			sourceTree = "<group>";
		};
		859E96332C34739200928244 /* extreme */ = {
			isa = PBXGroup;
			children = (
				859E96342C3473B000928244 /* GroupedXCycles.swift */,
				8581262E2C4EDF4C00F0D5B1 /* EmptyRectangles.swift */,
			);
			path = extreme;
			sourceTree = "<group>";
		};
		859E96372C34751B00928244 /* extreme */ = {
			isa = PBXGroup;
			children = (
				859E96382C34752C00928244 /* GroupedXCyclesTest.swift */,
				858126312C4EDFA000F0D5B1 /* EmptyRectanglesTest.swift */,
			);
			path = extreme;
			sourceTree = "<group>";
		};
		85EB775E2B3CD6340084B86F /* simple */ = {
			isa = PBXGroup;
			children = (
				85EB775F2B3CD64C0084B86F /* PruneCandidates.swift */,
				85EB77652B3E0A510084B86F /* NakedSingles.swift */,
				8592182E2BCE117D004FCDD1 /* HiddenSingles.swift */,
				859218332BD37F8C004FCDD1 /* NakedPairs.swift */,
				8592183B2BD4CFBF004FCDD1 /* NakedTriples.swift */,
				859218402BD77132004FCDD1 /* HiddenPairs.swift */,
				859218452BD83566004FCDD1 /* HiddenTriples.swift */,
				8592184A2BD8C4A7004FCDD1 /* NakedQuads.swift */,
				8592184F2BD958E3004FCDD1 /* HiddenQuads.swift */,
				859218542BDA275C004FCDD1 /* PointingPairsPointingTriple.swift */,
				859218592BDAD647004FCDD1 /* BoxLineReduction.swift */,
			);
			path = simple;
			sourceTree = "<group>";
		};
		85EB77612B3CD6D00084B86F /* simple */ = {
			isa = PBXGroup;
			children = (
				85EB77622B3CD6DD0084B86F /* PruneCandidatesTest.swift */,
				85EB77672B3E0A9F0084B86F /* NakedSinglesTest.swift */,
				859218312BCE11E1004FCDD1 /* HiddenSinglesTest.swift */,
				859218362BD38106004FCDD1 /* NakedPairsTest.swift */,
				8592183E2BD4D01F004FCDD1 /* NakedTriplesTest.swift */,
				859218432BD77198004FCDD1 /* HiddenPairsTest.swift */,
				859218482BD835CF004FCDD1 /* HiddenTriplesTest.swift */,
				8592184D2BD8C51C004FCDD1 /* NakedQuadsTest.swift */,
				859218522BD95956004FCDD1 /* HiddenQuadsTest.swift */,
				859218572BDA27FB004FCDD1 /* PointingPairsPointingTriplesTest.swift */,
				8592185C2BDAD6BC004FCDD1 /* BoxLineReductionTest.swift */,
			);
			path = simple;
			sourceTree = "<group>";
		};
		85F34B2D2AC35C3F00744103 = {
			isa = PBXGroup;
			children = (
				85F52FC32B19A8AA0018E190 /* SudokuSolver_Swift.xctestplan */,
				85F34B382AC35C3F00744103 /* SudokuSolver_Swift */,
				85F52FBC2B19A7A50018E190 /* SudokuSolver_Swift_Tests */,
				85F34B372AC35C3F00744103 /* Products */,
				853061712B8DC7E60080E170 /* Frameworks */,
			);
			sourceTree = "<group>";
		};
		85F34B372AC35C3F00744103 /* Products */ = {
			isa = PBXGroup;
			children = (
				85F34B362AC35C3F00744103 /* SudokuSolver_Swift */,
				85F52FBB2B19A7A50018E190 /* SudokuSolver_Swift_Tests.xctest */,
			);
			name = Products;
			sourceTree = "<group>";
		};
		85F34B382AC35C3F00744103 /* SudokuSolver_Swift */ = {
			isa = PBXGroup;
			children = (
				85F52FC82B1AC4300018E190 /* logic */,
				85CF6BFB2ADA611A0076BD62 /* SudokuNumber.swift */,
				85CF6BFD2ADA63520076BD62 /* Board.swift */,
				85F52FCC2B1F02020018E190 /* Cell.swift */,
				85EB77582B3C86670084B86F /* BoardModification.swift */,
				85EB776C2B51EBE90084B86F /* SudokuSolver.swift */,
				859218382BD4669D004FCDD1 /* Collections.swift */,
				858D84102BFD12E200614631 /* Graphs.swift */,
				859E96262C2F1CB400928244 /* Rectangles.swift */,
			);
			path = SudokuSolver_Swift;
			sourceTree = "<group>";
		};
		85F52FBC2B19A7A50018E190 /* SudokuSolver_Swift_Tests */ = {
			isa = PBXGroup;
			children = (
				85F52FC92B1AC4A90018E190 /* logic */,
				85EB776A2B51EA350084B86F /* SudokuSolverTest.swift */,
			);
			path = SudokuSolver_Swift_Tests;
			sourceTree = "<group>";
		};
		85F52FC82B1AC4300018E190 /* logic */ = {
			isa = PBXGroup;
			children = (
				859E96332C34739200928244 /* extreme */,
				85FA481D2BE559AC00D8B07F /* diabolical */,
				8592185E2BDCCE33004FCDD1 /* tough */,
				85EB775E2B3CD6340084B86F /* simple */,
				85F57BDF2AF4069400144ABF /* BruteForce.swift */,
			);
			path = logic;
			sourceTree = "<group>";
		};
		85F52FC92B1AC4A90018E190 /* logic */ = {
			isa = PBXGroup;
			children = (
				859E96372C34751B00928244 /* extreme */,
				85FA48212BE749B600D8B07F /* diabolical */,
				859218622BDCCF28004FCDD1 /* tough */,
				85EB77612B3CD6D00084B86F /* simple */,
				85F52FC52B19A96F0018E190 /* BruteForceTest.swift */,
				85EB775A2B3C958E0084B86F /* Assertions.swift */,
			);
			path = logic;
			sourceTree = "<group>";
		};
		85FA481D2BE559AC00D8B07F /* diabolical */ = {
			isa = PBXGroup;
			children = (
				85FA481E2BE559E400D8B07F /* XCycles.swift */,
				858D84062BF8751500614631 /* BUG.swift */,
				858D840B2BF9919D00614631 /* XYChains.swift */,
				858D84132BFE355F00614631 /* Medusa.swift */,
				858D84182C00E26200614631 /* Jellyfish.swift */,
				858D841D2C08FFFC00614631 /* UniqueRectangles.swift */,
				859E961C2C1594DA00928244 /* ExtendedUniqueRectangles.swift */,
				859E96212C24B52A00928244 /* HiddenUniqueRectangles.swift */,
				859E96292C308AEB00928244 /* WXYZWing.swift */,
				859E962E2C320CF800928244 /* AlignedPairExclusion.swift */,
			);
			path = diabolical;
			sourceTree = "<group>";
		};
		85FA48212BE749B600D8B07F /* diabolical */ = {
			isa = PBXGroup;
			children = (
				85FA48222BE749E900D8B07F /* XCyclesTest.swift */,
				858D84092BF877B200614631 /* BUGTest.swift */,
				858D840E2BF9924B00614631 /* XYChainsTest.swift */,
				858D84162BFE3D1D00614631 /* MedusaTest.swift */,
				858D841B2C00E2A800614631 /* JellyfishTest.swift */,
				858D84202C09375600614631 /* UniqueRectanglesTest.swift */,
				859E961F2C15952500928244 /* ExtendedUniqueRectanglesTest.swift */,
				859E96242C26A1F600928244 /* HiddenUniqueRectanglesTest.swift */,
				859E962C2C308B4B00928244 /* WXYZWingTest.swift */,
				859E96312C320D4C00928244 /* AlignedPairExclusionTest.swift */,
			);
			path = diabolical;
			sourceTree = "<group>";
		};
/* End PBXGroup section */

/* Begin PBXNativeTarget section */
		85F34B352AC35C3F00744103 /* SudokuSolver_Swift */ = {
			isa = PBXNativeTarget;
			buildConfigurationList = 85F34B3D2AC35C3F00744103 /* Build configuration list for PBXNativeTarget "SudokuSolver_Swift" */;
			buildPhases = (
				85F34B322AC35C3F00744103 /* Sources */,
				85F34B332AC35C3F00744103 /* Frameworks */,
				85F34B342AC35C3F00744103 /* CopyFiles */,
			);
			buildRules = (
			);
			dependencies = (
			);
			name = SudokuSolver_Swift;
			packageProductDependencies = (
				8530616F2B8D84AF0080E170 /* ArgumentParser */,
				850E69B82BA14AE70002D1F9 /* Algorithms */,
				859218662BDDDF5C004FCDD1 /* SwiftGraph */,
			);
			productName = SudokuSolver_Swift;
			productReference = 85F34B362AC35C3F00744103 /* SudokuSolver_Swift */;
			productType = "com.apple.product-type.tool";
		};
		85F52FBA2B19A7A50018E190 /* SudokuSolver_Swift_Tests */ = {
			isa = PBXNativeTarget;
			buildConfigurationList = 85F52FC12B19A7A50018E190 /* Build configuration list for PBXNativeTarget "SudokuSolver_Swift_Tests" */;
			buildPhases = (
				85F52FB72B19A7A50018E190 /* Sources */,
				85F52FB82B19A7A50018E190 /* Frameworks */,
				85F52FB92B19A7A50018E190 /* Resources */,
			);
			buildRules = (
			);
			dependencies = (
			);
			name = SudokuSolver_Swift_Tests;
			packageProductDependencies = (
				853061722B8DC7E60080E170 /* ArgumentParser */,
				850E69BA2BA14B080002D1F9 /* Algorithms */,
				859218682BDDDF66004FCDD1 /* SwiftGraph */,
			);
			productName = SudokuSolver_Swift_Tests;
			productReference = 85F52FBB2B19A7A50018E190 /* SudokuSolver_Swift_Tests.xctest */;
			productType = "com.apple.product-type.bundle.unit-test";
		};
/* End PBXNativeTarget section */

/* Begin PBXProject section */
		85F34B2E2AC35C3F00744103 /* Project object */ = {
			isa = PBXProject;
			attributes = {
				BuildIndependentTargetsInParallel = 1;
				LastSwiftUpdateCheck = 1500;
				LastUpgradeCheck = 1510;
				TargetAttributes = {
					85F34B352AC35C3F00744103 = {
						CreatedOnToolsVersion = 15.0;
					};
					85F52FBA2B19A7A50018E190 = {
						CreatedOnToolsVersion = 15.0.1;
					};
				};
			};
			buildConfigurationList = 85F34B312AC35C3F00744103 /* Build configuration list for PBXProject "SudokuSolver_Swift" */;
			compatibilityVersion = "Xcode 14.0";
			developmentRegion = en;
			hasScannedForEncodings = 0;
			knownRegions = (
				en,
				Base,
			);
			mainGroup = 85F34B2D2AC35C3F00744103;
			packageReferences = (
				8530616E2B8D84AF0080E170 /* XCRemoteSwiftPackageReference "swift-argument-parser" */,
				850E69B72BA14AE70002D1F9 /* XCRemoteSwiftPackageReference "swift-algorithms" */,
				859218652BDDDF08004FCDD1 /* XCRemoteSwiftPackageReference "SwiftGraph" */,
			);
			productRefGroup = 85F34B372AC35C3F00744103 /* Products */;
			projectDirPath = "";
			projectRoot = "";
			targets = (
				85F34B352AC35C3F00744103 /* SudokuSolver_Swift */,
				85F52FBA2B19A7A50018E190 /* SudokuSolver_Swift_Tests */,
			);
		};
/* End PBXProject section */

/* Begin PBXResourcesBuildPhase section */
		85F52FB92B19A7A50018E190 /* Resources */ = {
			isa = PBXResourcesBuildPhase;
			buildActionMask = 2147483647;
			files = (
			);
			runOnlyForDeploymentPostprocessing = 0;
		};
/* End PBXResourcesBuildPhase section */

/* Begin PBXSourcesBuildPhase section */
		85F34B322AC35C3F00744103 /* Sources */ = {
			isa = PBXSourcesBuildPhase;
			buildActionMask = 2147483647;
			files = (
				85EB77592B3C86670084B86F /* BoardModification.swift in Sources */,
				8581262F2C4EDF4C00F0D5B1 /* EmptyRectangles.swift in Sources */,
				85F57BE02AF4069400144ABF /* BruteForce.swift in Sources */,
				859E96222C24B52A00928244 /* HiddenUniqueRectangles.swift in Sources */,
				8592184B2BD8C4A7004FCDD1 /* NakedQuads.swift in Sources */,
				859E96352C3473B000928244 /* GroupedXCycles.swift in Sources */,
				85FA48142BE3580100D8B07F /* Swordfish.swift in Sources */,
				858D841E2C08FFFC00614631 /* UniqueRectangles.swift in Sources */,
				859218602BDCCE6E004FCDD1 /* XWing.swift in Sources */,
				8592182F2BCE117D004FCDD1 /* HiddenSingles.swift in Sources */,
				85EB776D2B51EBE90084B86F /* SudokuSolver.swift in Sources */,
				8592185A2BDAD647004FCDD1 /* BoxLineReduction.swift in Sources */,
				85F52FCD2B1F02020018E190 /* Cell.swift in Sources */,
				859218702BE30F66004FCDD1 /* YWing.swift in Sources */,
				859218552BDA275C004FCDD1 /* PointingPairsPointingTriple.swift in Sources */,
				85FA481F2BE559E400D8B07F /* XCycles.swift in Sources */,
				859218502BD958E3004FCDD1 /* HiddenQuads.swift in Sources */,
				85CF6BFC2ADA611A0076BD62 /* SudokuNumber.swift in Sources */,
				858D840C2BF9919D00614631 /* XYChains.swift in Sources */,
				85EB77662B3E0A510084B86F /* NakedSingles.swift in Sources */,
				85CF6BFE2ADA63520076BD62 /* Board.swift in Sources */,
				85FA48192BE44B2600D8B07F /* XYZWing.swift in Sources */,
				858D84112BFD12E200614631 /* Graphs.swift in Sources */,
				858D84192C00E26200614631 /* Jellyfish.swift in Sources */,
				85EB77602B3CD64C0084B86F /* PruneCandidates.swift in Sources */,
				859E962F2C320CF800928244 /* AlignedPairExclusion.swift in Sources */,
				859E961D2C1594DA00928244 /* ExtendedUniqueRectangles.swift in Sources */,
				859218462BD83566004FCDD1 /* HiddenTriples.swift in Sources */,
				859218342BD37F8C004FCDD1 /* NakedPairs.swift in Sources */,
				858D84142BFE355F00614631 /* Medusa.swift in Sources */,
				858D84072BF8751500614631 /* BUG.swift in Sources */,
				859E96272C2F1CB400928244 /* Rectangles.swift in Sources */,
				859218412BD77132004FCDD1 /* HiddenPairs.swift in Sources */,
				859218392BD4669D004FCDD1 /* Collections.swift in Sources */,
				8592186B2BDDDFF4004FCDD1 /* SimpleColoring.swift in Sources */,
				859E962A2C308AEB00928244 /* WXYZWing.swift in Sources */,
				8592183C2BD4CFBF004FCDD1 /* NakedTriples.swift in Sources */,
			);
			runOnlyForDeploymentPostprocessing = 0;
		};
		85F52FB72B19A7A50018E190 /* Sources */ = {
			isa = PBXSourcesBuildPhase;
			buildActionMask = 2147483647;
			files = (
				85EB775C2B3C95E80084B86F /* BoardModification.swift in Sources */,
				859218512BD958E3004FCDD1 /* HiddenQuads.swift in Sources */,
				859E96202C15952500928244 /* ExtendedUniqueRectanglesTest.swift in Sources */,
				858D84152BFE355F00614631 /* Medusa.swift in Sources */,
				8592186E2BDDE089004FCDD1 /* SimpleColoringTest.swift in Sources */,
				858D841C2C00E2A800614631 /* JellyfishTest.swift in Sources */,
				85FA48232BE749E900D8B07F /* XCyclesTest.swift in Sources */,
				859E96362C3473B000928244 /* GroupedXCycles.swift in Sources */,
				8592185B2BDAD647004FCDD1 /* BoxLineReduction.swift in Sources */,
				8592186C2BDDDFF4004FCDD1 /* SimpleColoring.swift in Sources */,
				859218712BE30F66004FCDD1 /* YWing.swift in Sources */,
				859218642BDCCF37004FCDD1 /* XWingTest.swift in Sources */,
				85EB776E2B51EBE90084B86F /* SudokuSolver.swift in Sources */,
				859218422BD77132004FCDD1 /* HiddenPairs.swift in Sources */,
				859218442BD77198004FCDD1 /* HiddenPairsTest.swift in Sources */,
				85F52FC72B19AB2B0018E190 /* BruteForce.swift in Sources */,
				858D84172BFE3D1D00614631 /* MedusaTest.swift in Sources */,
				859E96302C320CF800928244 /* AlignedPairExclusion.swift in Sources */,
				859218532BD95956004FCDD1 /* HiddenQuadsTest.swift in Sources */,
				85EB775D2B3C95F60084B86F /* Cell.swift in Sources */,
				859E96322C320D4C00928244 /* AlignedPairExclusionTest.swift in Sources */,
				859E961E2C1594DA00928244 /* ExtendedUniqueRectangles.swift in Sources */,
				859218322BCE11E1004FCDD1 /* HiddenSinglesTest.swift in Sources */,
				859218472BD83566004FCDD1 /* HiddenTriples.swift in Sources */,
				8592184E2BD8C51C004FCDD1 /* NakedQuadsTest.swift in Sources */,
				859218732BE30FEB004FCDD1 /* YWingTest.swift in Sources */,
				85EB776B2B51EA350084B86F /* SudokuSolverTest.swift in Sources */,
				859E96252C26A1F600928244 /* HiddenUniqueRectanglesTest.swift in Sources */,
				859218302BCE117D004FCDD1 /* HiddenSingles.swift in Sources */,
				85F52FC62B19A96F0018E190 /* BruteForceTest.swift in Sources */,
				859E962B2C308AEB00928244 /* WXYZWing.swift in Sources */,
				85EB77692B3E0CAC0084B86F /* NakedSingles.swift in Sources */,
				858D841A2C00E26200614631 /* Jellyfish.swift in Sources */,
				8592184C2BD8C4A7004FCDD1 /* NakedQuads.swift in Sources */,
				85F52FC22B19A8730018E190 /* SudokuNumber.swift in Sources */,
				859E96282C2F1CB400928244 /* Rectangles.swift in Sources */,
				85FA48172BE3590200D8B07F /* SwordfishTest.swift in Sources */,
				858D84082BF8751500614631 /* BUG.swift in Sources */,
				85EB775B2B3C958E0084B86F /* Assertions.swift in Sources */,
				859218612BDCCE6E004FCDD1 /* XWing.swift in Sources */,
				8592185D2BDAD6BC004FCDD1 /* BoxLineReductionTest.swift in Sources */,
				858D84212C09375600614631 /* UniqueRectanglesTest.swift in Sources */,
				859E96232C24B52A00928244 /* HiddenUniqueRectangles.swift in Sources */,
				8592183D2BD4CFBF004FCDD1 /* NakedTriples.swift in Sources */,
				85EB77632B3CD6DD0084B86F /* PruneCandidatesTest.swift in Sources */,
				859218562BDA275C004FCDD1 /* PointingPairsPointingTriple.swift in Sources */,
				85EB77642B3CDAB00084B86F /* PruneCandidates.swift in Sources */,
				859218492BD835CF004FCDD1 /* HiddenTriplesTest.swift in Sources */,
				859218372BD38106004FCDD1 /* NakedPairsTest.swift in Sources */,
				85FA481A2BE44B2600D8B07F /* XYZWing.swift in Sources */,
				858D84122BFD12E200614631 /* Graphs.swift in Sources */,
				858D840F2BF9924B00614631 /* XYChainsTest.swift in Sources */,
				85FA48202BE559E400D8B07F /* XCycles.swift in Sources */,
				85FA48152BE3580100D8B07F /* Swordfish.swift in Sources */,
				8592183F2BD4D01F004FCDD1 /* NakedTriplesTest.swift in Sources */,
				858126322C4EDFA000F0D5B1 /* EmptyRectanglesTest.swift in Sources */,
				85FA481C2BE44BCF00D8B07F /* XYZWingTest.swift in Sources */,
				859E96392C34752C00928244 /* GroupedXCyclesTest.swift in Sources */,
				859218352BD37F8C004FCDD1 /* NakedPairs.swift in Sources */,
				858126302C4EDF4C00F0D5B1 /* EmptyRectangles.swift in Sources */,
				8592183A2BD4669D004FCDD1 /* Collections.swift in Sources */,
				85F52FC42B19A8CD0018E190 /* Board.swift in Sources */,
				859E962D2C308B4B00928244 /* WXYZWingTest.swift in Sources */,
				85EB77682B3E0A9F0084B86F /* NakedSinglesTest.swift in Sources */,
				858D840D2BF9919D00614631 /* XYChains.swift in Sources */,
				858D840A2BF877B200614631 /* BUGTest.swift in Sources */,
				858D841F2C08FFFC00614631 /* UniqueRectangles.swift in Sources */,
				859218582BDA27FB004FCDD1 /* PointingPairsPointingTriplesTest.swift in Sources */,
			);
			runOnlyForDeploymentPostprocessing = 0;
		};
/* End PBXSourcesBuildPhase section */

/* Begin XCBuildConfiguration section */
		85F34B3B2AC35C3F00744103 /* Debug */ = {
			isa = XCBuildConfiguration;
			buildSettings = {
				ALWAYS_SEARCH_USER_PATHS = NO;
				ASSETCATALOG_COMPILER_GENERATE_SWIFT_ASSET_SYMBOL_EXTENSIONS = YES;
				CLANG_ANALYZER_NONNULL = YES;
				CLANG_ANALYZER_NUMBER_OBJECT_CONVERSION = YES_AGGRESSIVE;
				CLANG_CXX_LANGUAGE_STANDARD = "gnu++20";
				CLANG_ENABLE_MODULES = YES;
				CLANG_ENABLE_OBJC_ARC = YES;
				CLANG_ENABLE_OBJC_WEAK = YES;
				CLANG_WARN_BLOCK_CAPTURE_AUTORELEASING = YES;
				CLANG_WARN_BOOL_CONVERSION = YES;
				CLANG_WARN_COMMA = YES;
				CLANG_WARN_CONSTANT_CONVERSION = YES;
				CLANG_WARN_DEPRECATED_OBJC_IMPLEMENTATIONS = YES;
				CLANG_WARN_DIRECT_OBJC_ISA_USAGE = YES_ERROR;
				CLANG_WARN_DOCUMENTATION_COMMENTS = YES;
				CLANG_WARN_EMPTY_BODY = YES;
				CLANG_WARN_ENUM_CONVERSION = YES;
				CLANG_WARN_INFINITE_RECURSION = YES;
				CLANG_WARN_INT_CONVERSION = YES;
				CLANG_WARN_NON_LITERAL_NULL_CONVERSION = YES;
				CLANG_WARN_OBJC_IMPLICIT_RETAIN_SELF = YES;
				CLANG_WARN_OBJC_LITERAL_CONVERSION = YES;
				CLANG_WARN_OBJC_ROOT_CLASS = YES_ERROR;
				CLANG_WARN_QUOTED_INCLUDE_IN_FRAMEWORK_HEADER = YES;
				CLANG_WARN_RANGE_LOOP_ANALYSIS = YES;
				CLANG_WARN_STRICT_PROTOTYPES = YES;
				CLANG_WARN_SUSPICIOUS_MOVE = YES;
				CLANG_WARN_UNGUARDED_AVAILABILITY = YES_AGGRESSIVE;
				CLANG_WARN_UNREACHABLE_CODE = YES;
				CLANG_WARN__DUPLICATE_METHOD_MATCH = YES;
				COPY_PHASE_STRIP = NO;
				DEAD_CODE_STRIPPING = YES;
				DEBUG_INFORMATION_FORMAT = dwarf;
				ENABLE_STRICT_OBJC_MSGSEND = YES;
				ENABLE_TESTABILITY = YES;
				ENABLE_USER_SCRIPT_SANDBOXING = YES;
				GCC_C_LANGUAGE_STANDARD = gnu17;
				GCC_DYNAMIC_NO_PIC = NO;
				GCC_NO_COMMON_BLOCKS = YES;
				GCC_OPTIMIZATION_LEVEL = 0;
				GCC_PREPROCESSOR_DEFINITIONS = (
					"DEBUG=1",
					"$(inherited)",
				);
				GCC_WARN_64_TO_32_BIT_CONVERSION = YES;
				GCC_WARN_ABOUT_RETURN_TYPE = YES_ERROR;
				GCC_WARN_UNDECLARED_SELECTOR = YES;
				GCC_WARN_UNINITIALIZED_AUTOS = YES_AGGRESSIVE;
				GCC_WARN_UNUSED_FUNCTION = YES;
				GCC_WARN_UNUSED_VARIABLE = YES;
				LOCALIZATION_PREFERS_STRING_CATALOGS = YES;
				MACOSX_DEPLOYMENT_TARGET = 13.6;
				MTL_ENABLE_DEBUG_INFO = INCLUDE_SOURCE;
				MTL_FAST_MATH = YES;
				ONLY_ACTIVE_ARCH = YES;
				SDKROOT = macosx;
				SWIFT_ACTIVE_COMPILATION_CONDITIONS = "DEBUG $(inherited)";
				SWIFT_OPTIMIZATION_LEVEL = "-Onone";
			};
			name = Debug;
		};
		85F34B3C2AC35C3F00744103 /* Release */ = {
			isa = XCBuildConfiguration;
			buildSettings = {
				ALWAYS_SEARCH_USER_PATHS = NO;
				ASSETCATALOG_COMPILER_GENERATE_SWIFT_ASSET_SYMBOL_EXTENSIONS = YES;
				CLANG_ANALYZER_NONNULL = YES;
				CLANG_ANALYZER_NUMBER_OBJECT_CONVERSION = YES_AGGRESSIVE;
				CLANG_CXX_LANGUAGE_STANDARD = "gnu++20";
				CLANG_ENABLE_MODULES = YES;
				CLANG_ENABLE_OBJC_ARC = YES;
				CLANG_ENABLE_OBJC_WEAK = YES;
				CLANG_WARN_BLOCK_CAPTURE_AUTORELEASING = YES;
				CLANG_WARN_BOOL_CONVERSION = YES;
				CLANG_WARN_COMMA = YES;
				CLANG_WARN_CONSTANT_CONVERSION = YES;
				CLANG_WARN_DEPRECATED_OBJC_IMPLEMENTATIONS = YES;
				CLANG_WARN_DIRECT_OBJC_ISA_USAGE = YES_ERROR;
				CLANG_WARN_DOCUMENTATION_COMMENTS = YES;
				CLANG_WARN_EMPTY_BODY = YES;
				CLANG_WARN_ENUM_CONVERSION = YES;
				CLANG_WARN_INFINITE_RECURSION = YES;
				CLANG_WARN_INT_CONVERSION = YES;
				CLANG_WARN_NON_LITERAL_NULL_CONVERSION = YES;
				CLANG_WARN_OBJC_IMPLICIT_RETAIN_SELF = YES;
				CLANG_WARN_OBJC_LITERAL_CONVERSION = YES;
				CLANG_WARN_OBJC_ROOT_CLASS = YES_ERROR;
				CLANG_WARN_QUOTED_INCLUDE_IN_FRAMEWORK_HEADER = YES;
				CLANG_WARN_RANGE_LOOP_ANALYSIS = YES;
				CLANG_WARN_STRICT_PROTOTYPES = YES;
				CLANG_WARN_SUSPICIOUS_MOVE = YES;
				CLANG_WARN_UNGUARDED_AVAILABILITY = YES_AGGRESSIVE;
				CLANG_WARN_UNREACHABLE_CODE = YES;
				CLANG_WARN__DUPLICATE_METHOD_MATCH = YES;
				COPY_PHASE_STRIP = NO;
				DEAD_CODE_STRIPPING = YES;
				DEBUG_INFORMATION_FORMAT = "dwarf-with-dsym";
				ENABLE_NS_ASSERTIONS = NO;
				ENABLE_STRICT_OBJC_MSGSEND = YES;
				ENABLE_USER_SCRIPT_SANDBOXING = YES;
				GCC_C_LANGUAGE_STANDARD = gnu17;
				GCC_NO_COMMON_BLOCKS = YES;
				GCC_WARN_64_TO_32_BIT_CONVERSION = YES;
				GCC_WARN_ABOUT_RETURN_TYPE = YES_ERROR;
				GCC_WARN_UNDECLARED_SELECTOR = YES;
				GCC_WARN_UNINITIALIZED_AUTOS = YES_AGGRESSIVE;
				GCC_WARN_UNUSED_FUNCTION = YES;
				GCC_WARN_UNUSED_VARIABLE = YES;
				LOCALIZATION_PREFERS_STRING_CATALOGS = YES;
				MACOSX_DEPLOYMENT_TARGET = 13.6;
				MTL_ENABLE_DEBUG_INFO = NO;
				MTL_FAST_MATH = YES;
				SDKROOT = macosx;
				SWIFT_COMPILATION_MODE = wholemodule;
			};
			name = Release;
		};
		85F34B3E2AC35C3F00744103 /* Debug */ = {
			isa = XCBuildConfiguration;
			buildSettings = {
				CODE_SIGN_STYLE = Automatic;
				DEAD_CODE_STRIPPING = YES;
				DEVELOPMENT_TEAM = VB25YVU6S6;
				ENABLE_HARDENED_RUNTIME = YES;
				PRODUCT_NAME = "$(TARGET_NAME)";
				SWIFT_VERSION = 5.0;
			};
			name = Debug;
		};
		85F34B3F2AC35C3F00744103 /* Release */ = {
			isa = XCBuildConfiguration;
			buildSettings = {
				CODE_SIGN_STYLE = Automatic;
				DEAD_CODE_STRIPPING = YES;
				DEVELOPMENT_TEAM = VB25YVU6S6;
				ENABLE_HARDENED_RUNTIME = YES;
				PRODUCT_NAME = "$(TARGET_NAME)";
				SWIFT_VERSION = 5.0;
			};
			name = Release;
		};
		85F52FBF2B19A7A50018E190 /* Debug */ = {
			isa = XCBuildConfiguration;
			buildSettings = {
				CODE_SIGN_STYLE = Automatic;
				CURRENT_PROJECT_VERSION = 1;
				DEAD_CODE_STRIPPING = YES;
				DEVELOPMENT_TEAM = VB25YVU6S6;
				GENERATE_INFOPLIST_FILE = YES;
				MACOSX_DEPLOYMENT_TARGET = 14.0;
				MARKETING_VERSION = 1.0;
				PRODUCT_BUNDLE_IDENTIFIER = "com.seibel.SudokuSolver-Swift-Tests";
				PRODUCT_NAME = "$(TARGET_NAME)";
				SWIFT_EMIT_LOC_STRINGS = NO;
				SWIFT_VERSION = 5.0;
			};
			name = Debug;
		};
		85F52FC02B19A7A50018E190 /* Release */ = {
			isa = XCBuildConfiguration;
			buildSettings = {
				CODE_SIGN_STYLE = Automatic;
				CURRENT_PROJECT_VERSION = 1;
				DEAD_CODE_STRIPPING = YES;
				DEVELOPMENT_TEAM = VB25YVU6S6;
				GENERATE_INFOPLIST_FILE = YES;
				MACOSX_DEPLOYMENT_TARGET = 14.0;
				MARKETING_VERSION = 1.0;
				PRODUCT_BUNDLE_IDENTIFIER = "com.seibel.SudokuSolver-Swift-Tests";
				PRODUCT_NAME = "$(TARGET_NAME)";
				SWIFT_EMIT_LOC_STRINGS = NO;
				SWIFT_VERSION = 5.0;
			};
			name = Release;
		};
/* End XCBuildConfiguration section */

/* Begin XCConfigurationList section */
		85F34B312AC35C3F00744103 /* Build configuration list for PBXProject "SudokuSolver_Swift" */ = {
			isa = XCConfigurationList;
			buildConfigurations = (
				85F34B3B2AC35C3F00744103 /* Debug */,
				85F34B3C2AC35C3F00744103 /* Release */,
			);
			defaultConfigurationIsVisible = 0;
			defaultConfigurationName = Release;
		};
		85F34B3D2AC35C3F00744103 /* Build configuration list for PBXNativeTarget "SudokuSolver_Swift" */ = {
			isa = XCConfigurationList;
			buildConfigurations = (
				85F34B3E2AC35C3F00744103 /* Debug */,
				85F34B3F2AC35C3F00744103 /* Release */,
			);
			defaultConfigurationIsVisible = 0;
			defaultConfigurationName = Release;
		};
		85F52FC12B19A7A50018E190 /* Build configuration list for PBXNativeTarget "SudokuSolver_Swift_Tests" */ = {
			isa = XCConfigurationList;
			buildConfigurations = (
				85F52FBF2B19A7A50018E190 /* Debug */,
				85F52FC02B19A7A50018E190 /* Release */,
			);
			defaultConfigurationIsVisible = 0;
			defaultConfigurationName = Release;
		};
/* End XCConfigurationList section */

/* Begin XCRemoteSwiftPackageReference section */
		850E69B72BA14AE70002D1F9 /* XCRemoteSwiftPackageReference "swift-algorithms" */ = {
			isa = XCRemoteSwiftPackageReference;
			repositoryURL = "https://github.com/apple/swift-algorithms.git";
			requirement = {
				kind = upToNextMajorVersion;
				minimumVersion = 1.2.0;
			};
		};
		8530616E2B8D84AF0080E170 /* XCRemoteSwiftPackageReference "swift-argument-parser" */ = {
			isa = XCRemoteSwiftPackageReference;
			repositoryURL = "https://github.com/apple/swift-argument-parser.git";
			requirement = {
				kind = upToNextMajorVersion;
				minimumVersion = 1.3.0;
			};
		};
		859218652BDDDF08004FCDD1 /* XCRemoteSwiftPackageReference "SwiftGraph" */ = {
			isa = XCRemoteSwiftPackageReference;
			repositoryURL = "https://github.com/davecom/SwiftGraph.git";
			requirement = {
				kind = upToNextMajorVersion;
				minimumVersion = 3.1.0;
			};
		};
/* End XCRemoteSwiftPackageReference section */

/* Begin XCSwiftPackageProductDependency section */
		850E69B82BA14AE70002D1F9 /* Algorithms */ = {
			isa = XCSwiftPackageProductDependency;
			package = 850E69B72BA14AE70002D1F9 /* XCRemoteSwiftPackageReference "swift-algorithms" */;
			productName = Algorithms;
		};
		850E69BA2BA14B080002D1F9 /* Algorithms */ = {
			isa = XCSwiftPackageProductDependency;
			package = 850E69B72BA14AE70002D1F9 /* XCRemoteSwiftPackageReference "swift-algorithms" */;
			productName = Algorithms;
		};
		8530616F2B8D84AF0080E170 /* ArgumentParser */ = {
			isa = XCSwiftPackageProductDependency;
			package = 8530616E2B8D84AF0080E170 /* XCRemoteSwiftPackageReference "swift-argument-parser" */;
			productName = ArgumentParser;
		};
		853061722B8DC7E60080E170 /* ArgumentParser */ = {
			isa = XCSwiftPackageProductDependency;
			package = 8530616E2B8D84AF0080E170 /* XCRemoteSwiftPackageReference "swift-argument-parser" */;
			productName = ArgumentParser;
		};
		859218662BDDDF5C004FCDD1 /* SwiftGraph */ = {
			isa = XCSwiftPackageProductDependency;
			package = 859218652BDDDF08004FCDD1 /* XCRemoteSwiftPackageReference "SwiftGraph" */;
			productName = SwiftGraph;
		};
		859218682BDDDF66004FCDD1 /* SwiftGraph */ = {
			isa = XCSwiftPackageProductDependency;
			package = 859218652BDDDF08004FCDD1 /* XCRemoteSwiftPackageReference "SwiftGraph" */;
			productName = SwiftGraph;
		};
/* End XCSwiftPackageProductDependency section */
	};
	rootObject = 85F34B2E2AC35C3F00744103 /* Project object */;
}
