// !$*UTF8*$!
{
	archiveVersion = 1;
	classes = {
	};
	objectVersion = 56;
	objects = {

/* Begin PBXBuildFile section */
		850E69B92BA14AE70002D1F9 /* Algorithms in Frameworks */ = {isa = PBXBuildFile; productRef = 850E69B82BA14AE70002D1F9 /* Algorithms */; };
		850E69BB2BA14B080002D1F9 /* Algorithms in Frameworks */ = {isa = PBXBuildFile; productRef = 850E69BA2BA14B080002D1F9 /* Algorithms */; };
		853061702B8D84AF0080E170 /* ArgumentParser in Frameworks */ = {isa = PBXBuildFile; productRef = 8530616F2B8D84AF0080E170 /* ArgumentParser */; };
		853061732B8DC7E60080E170 /* ArgumentParser in Frameworks */ = {isa = PBXBuildFile; productRef = 853061722B8DC7E60080E170 /* ArgumentParser */; };
		85CF6BFC2ADA611A0076BD62 /* SudokuNumber.swift in Sources */ = {isa = PBXBuildFile; fileRef = 85CF6BFB2ADA611A0076BD62 /* SudokuNumber.swift */; };
		85CF6BFE2ADA63520076BD62 /* Board.swift in Sources */ = {isa = PBXBuildFile; fileRef = 85CF6BFD2ADA63520076BD62 /* Board.swift */; };
		85EB77592B3C86670084B86F /* BoardModification.swift in Sources */ = {isa = PBXBuildFile; fileRef = 85EB77582B3C86670084B86F /* BoardModification.swift */; };
		85EB775B2B3C958E0084B86F /* Assertions.swift in Sources */ = {isa = PBXBuildFile; fileRef = 85EB775A2B3C958E0084B86F /* Assertions.swift */; };
		85EB775C2B3C95E80084B86F /* BoardModification.swift in Sources */ = {isa = PBXBuildFile; fileRef = 85EB77582B3C86670084B86F /* BoardModification.swift */; };
		85EB775D2B3C95F60084B86F /* Cell.swift in Sources */ = {isa = PBXBuildFile; fileRef = 85F52FCC2B1F02020018E190 /* Cell.swift */; };
		85EB77602B3CD64C0084B86F /* PruneCandidates.swift in Sources */ = {isa = PBXBuildFile; fileRef = 85EB775F2B3CD64C0084B86F /* PruneCandidates.swift */; };
		85EB77632B3CD6DD0084B86F /* PruneCandidatesTest.swift in Sources */ = {isa = PBXBuildFile; fileRef = 85EB77622B3CD6DD0084B86F /* PruneCandidatesTest.swift */; };
		85EB77642B3CDAB00084B86F /* PruneCandidates.swift in Sources */ = {isa = PBXBuildFile; fileRef = 85EB775F2B3CD64C0084B86F /* PruneCandidates.swift */; };
		85EB77662B3E0A510084B86F /* NakedSingles.swift in Sources */ = {isa = PBXBuildFile; fileRef = 85EB77652B3E0A510084B86F /* NakedSingles.swift */; };
		85EB77682B3E0A9F0084B86F /* NakedSinglesTest.swift in Sources */ = {isa = PBXBuildFile; fileRef = 85EB77672B3E0A9F0084B86F /* NakedSinglesTest.swift */; };
		85EB77692B3E0CAC0084B86F /* NakedSingles.swift in Sources */ = {isa = PBXBuildFile; fileRef = 85EB77652B3E0A510084B86F /* NakedSingles.swift */; };
		85EB776B2B51EA350084B86F /* SudokuSolverTest.swift in Sources */ = {isa = PBXBuildFile; fileRef = 85EB776A2B51EA350084B86F /* SudokuSolverTest.swift */; };
		85EB776D2B51EBE90084B86F /* SudokuSolver.swift in Sources */ = {isa = PBXBuildFile; fileRef = 85EB776C2B51EBE90084B86F /* SudokuSolver.swift */; };
		85EB776E2B51EBE90084B86F /* SudokuSolver.swift in Sources */ = {isa = PBXBuildFile; fileRef = 85EB776C2B51EBE90084B86F /* SudokuSolver.swift */; };
		85F52FC22B19A8730018E190 /* SudokuNumber.swift in Sources */ = {isa = PBXBuildFile; fileRef = 85CF6BFB2ADA611A0076BD62 /* SudokuNumber.swift */; };
		85F52FC42B19A8CD0018E190 /* Board.swift in Sources */ = {isa = PBXBuildFile; fileRef = 85CF6BFD2ADA63520076BD62 /* Board.swift */; };
		85F52FC62B19A96F0018E190 /* BruteForceTest.swift in Sources */ = {isa = PBXBuildFile; fileRef = 85F52FC52B19A96F0018E190 /* BruteForceTest.swift */; };
		85F52FC72B19AB2B0018E190 /* BruteForce.swift in Sources */ = {isa = PBXBuildFile; fileRef = 85F57BDF2AF4069400144ABF /* BruteForce.swift */; };
		85F52FCD2B1F02020018E190 /* Cell.swift in Sources */ = {isa = PBXBuildFile; fileRef = 85F52FCC2B1F02020018E190 /* Cell.swift */; };
		85F57BE02AF4069400144ABF /* BruteForce.swift in Sources */ = {isa = PBXBuildFile; fileRef = 85F57BDF2AF4069400144ABF /* BruteForce.swift */; };
/* End PBXBuildFile section */

/* Begin PBXCopyFilesBuildPhase section */
		85F34B342AC35C3F00744103 /* CopyFiles */ = {
			isa = PBXCopyFilesBuildPhase;
			buildActionMask = 2147483647;
			dstPath = /usr/share/man/man1/;
			dstSubfolderSpec = 0;
			files = (
			);
			runOnlyForDeploymentPostprocessing = 1;
		};
/* End PBXCopyFilesBuildPhase section */

/* Begin PBXFileReference section */
		85CF6BFB2ADA611A0076BD62 /* SudokuNumber.swift */ = {isa = PBXFileReference; lastKnownFileType = sourcecode.swift; path = SudokuNumber.swift; sourceTree = "<group>"; };
		85CF6BFD2ADA63520076BD62 /* Board.swift */ = {isa = PBXFileReference; lastKnownFileType = sourcecode.swift; path = Board.swift; sourceTree = "<group>"; };
		85EB77582B3C86670084B86F /* BoardModification.swift */ = {isa = PBXFileReference; lastKnownFileType = sourcecode.swift; path = BoardModification.swift; sourceTree = "<group>"; };
		85EB775A2B3C958E0084B86F /* Assertions.swift */ = {isa = PBXFileReference; lastKnownFileType = sourcecode.swift; path = Assertions.swift; sourceTree = "<group>"; };
		85EB775F2B3CD64C0084B86F /* PruneCandidates.swift */ = {isa = PBXFileReference; lastKnownFileType = sourcecode.swift; path = PruneCandidates.swift; sourceTree = "<group>"; };
		85EB77622B3CD6DD0084B86F /* PruneCandidatesTest.swift */ = {isa = PBXFileReference; lastKnownFileType = sourcecode.swift; path = PruneCandidatesTest.swift; sourceTree = "<group>"; };
		85EB77652B3E0A510084B86F /* NakedSingles.swift */ = {isa = PBXFileReference; lastKnownFileType = sourcecode.swift; path = NakedSingles.swift; sourceTree = "<group>"; };
		85EB77672B3E0A9F0084B86F /* NakedSinglesTest.swift */ = {isa = PBXFileReference; lastKnownFileType = sourcecode.swift; path = NakedSinglesTest.swift; sourceTree = "<group>"; };
		85EB776A2B51EA350084B86F /* SudokuSolverTest.swift */ = {isa = PBXFileReference; lastKnownFileType = sourcecode.swift; path = SudokuSolverTest.swift; sourceTree = "<group>"; };
		85EB776C2B51EBE90084B86F /* SudokuSolver.swift */ = {isa = PBXFileReference; lastKnownFileType = sourcecode.swift; path = SudokuSolver.swift; sourceTree = "<group>"; };
		85F34B362AC35C3F00744103 /* SudokuSolver_Swift */ = {isa = PBXFileReference; explicitFileType = "compiled.mach-o.executable"; includeInIndex = 0; path = SudokuSolver_Swift; sourceTree = BUILT_PRODUCTS_DIR; };
		85F52FBB2B19A7A50018E190 /* SudokuSolver_Swift_Tests.xctest */ = {isa = PBXFileReference; explicitFileType = wrapper.cfbundle; includeInIndex = 0; path = SudokuSolver_Swift_Tests.xctest; sourceTree = BUILT_PRODUCTS_DIR; };
		85F52FC32B19A8AA0018E190 /* SudokuSolver_Swift.xctestplan */ = {isa = PBXFileReference; lastKnownFileType = text; path = SudokuSolver_Swift.xctestplan; sourceTree = "<group>"; };
		85F52FC52B19A96F0018E190 /* BruteForceTest.swift */ = {isa = PBXFileReference; lastKnownFileType = sourcecode.swift; path = BruteForceTest.swift; sourceTree = "<group>"; };
		85F52FCC2B1F02020018E190 /* Cell.swift */ = {isa = PBXFileReference; lastKnownFileType = sourcecode.swift; path = Cell.swift; sourceTree = "<group>"; };
		85F57BDF2AF4069400144ABF /* BruteForce.swift */ = {isa = PBXFileReference; lastKnownFileType = sourcecode.swift; path = BruteForce.swift; sourceTree = "<group>"; };
/* End PBXFileReference section */

/* Begin PBXFrameworksBuildPhase section */
		85F34B332AC35C3F00744103 /* Frameworks */ = {
			isa = PBXFrameworksBuildPhase;
			buildActionMask = 2147483647;
			files = (
				850E69B92BA14AE70002D1F9 /* Algorithms in Frameworks */,
				853061702B8D84AF0080E170 /* ArgumentParser in Frameworks */,
			);
			runOnlyForDeploymentPostprocessing = 0;
		};
		85F52FB82B19A7A50018E190 /* Frameworks */ = {
			isa = PBXFrameworksBuildPhase;
			buildActionMask = 2147483647;
			files = (
				850E69BB2BA14B080002D1F9 /* Algorithms in Frameworks */,
				853061732B8DC7E60080E170 /* ArgumentParser in Frameworks */,
			);
			runOnlyForDeploymentPostprocessing = 0;
		};
/* End PBXFrameworksBuildPhase section */

/* Begin PBXGroup section */
		853061712B8DC7E60080E170 /* Frameworks */ = {
			isa = PBXGroup;
			children = (
			);
			name = Frameworks;
			sourceTree = "<group>";
		};
		85EB775E2B3CD6340084B86F /* simple */ = {
			isa = PBXGroup;
			children = (
				85EB775F2B3CD64C0084B86F /* PruneCandidates.swift */,
				85EB77652B3E0A510084B86F /* NakedSingles.swift */,
			);
			path = simple;
			sourceTree = "<group>";
		};
		85EB77612B3CD6D00084B86F /* simple */ = {
			isa = PBXGroup;
			children = (
				85EB77622B3CD6DD0084B86F /* PruneCandidatesTest.swift */,
				85EB77672B3E0A9F0084B86F /* NakedSinglesTest.swift */,
			);
			path = simple;
			sourceTree = "<group>";
		};
		85F34B2D2AC35C3F00744103 = {
			isa = PBXGroup;
			children = (
				85F52FC32B19A8AA0018E190 /* SudokuSolver_Swift.xctestplan */,
				85F34B382AC35C3F00744103 /* SudokuSolver_Swift */,
				85F52FBC2B19A7A50018E190 /* SudokuSolver_Swift_Tests */,
				85F34B372AC35C3F00744103 /* Products */,
				853061712B8DC7E60080E170 /* Frameworks */,
			);
			sourceTree = "<group>";
		};
		85F34B372AC35C3F00744103 /* Products */ = {
			isa = PBXGroup;
			children = (
				85F34B362AC35C3F00744103 /* SudokuSolver_Swift */,
				85F52FBB2B19A7A50018E190 /* SudokuSolver_Swift_Tests.xctest */,
			);
			name = Products;
			sourceTree = "<group>";
		};
		85F34B382AC35C3F00744103 /* SudokuSolver_Swift */ = {
			isa = PBXGroup;
			children = (
				85F52FC82B1AC4300018E190 /* logic */,
				85CF6BFB2ADA611A0076BD62 /* SudokuNumber.swift */,
				85CF6BFD2ADA63520076BD62 /* Board.swift */,
				85F52FCC2B1F02020018E190 /* Cell.swift */,
				85EB77582B3C86670084B86F /* BoardModification.swift */,
				85EB776C2B51EBE90084B86F /* SudokuSolver.swift */,
			);
			path = SudokuSolver_Swift;
			sourceTree = "<group>";
		};
		85F52FBC2B19A7A50018E190 /* SudokuSolver_Swift_Tests */ = {
			isa = PBXGroup;
			children = (
				85F52FC92B1AC4A90018E190 /* logic */,
				85EB776A2B51EA350084B86F /* SudokuSolverTest.swift */,
			);
			path = SudokuSolver_Swift_Tests;
			sourceTree = "<group>";
		};
		85F52FC82B1AC4300018E190 /* logic */ = {
			isa = PBXGroup;
			children = (
				85EB775E2B3CD6340084B86F /* simple */,
				85F57BDF2AF4069400144ABF /* BruteForce.swift */,
			);
			path = logic;
			sourceTree = "<group>";
		};
		85F52FC92B1AC4A90018E190 /* logic */ = {
			isa = PBXGroup;
			children = (
				85EB77612B3CD6D00084B86F /* simple */,
				85F52FC52B19A96F0018E190 /* BruteForceTest.swift */,
				85EB775A2B3C958E0084B86F /* Assertions.swift */,
			);
			path = logic;
			sourceTree = "<group>";
		};
/* End PBXGroup section */

/* Begin PBXNativeTarget section */
		85F34B352AC35C3F00744103 /* SudokuSolver_Swift */ = {
			isa = PBXNativeTarget;
			buildConfigurationList = 85F34B3D2AC35C3F00744103 /* Build configuration list for PBXNativeTarget "SudokuSolver_Swift" */;
			buildPhases = (
				85F34B322AC35C3F00744103 /* Sources */,
				85F34B332AC35C3F00744103 /* Frameworks */,
				85F34B342AC35C3F00744103 /* CopyFiles */,
			);
			buildRules = (
			);
			dependencies = (
			);
			name = SudokuSolver_Swift;
			packageProductDependencies = (
				8530616F2B8D84AF0080E170 /* ArgumentParser */,
				850E69B82BA14AE70002D1F9 /* Algorithms */,
			);
			productName = SudokuSolver_Swift;
			productReference = 85F34B362AC35C3F00744103 /* SudokuSolver_Swift */;
			productType = "com.apple.product-type.tool";
		};
		85F52FBA2B19A7A50018E190 /* SudokuSolver_Swift_Tests */ = {
			isa = PBXNativeTarget;
			buildConfigurationList = 85F52FC12B19A7A50018E190 /* Build configuration list for PBXNativeTarget "SudokuSolver_Swift_Tests" */;
			buildPhases = (
				85F52FB72B19A7A50018E190 /* Sources */,
				85F52FB82B19A7A50018E190 /* Frameworks */,
				85F52FB92B19A7A50018E190 /* Resources */,
			);
			buildRules = (
			);
			dependencies = (
			);
			name = SudokuSolver_Swift_Tests;
			packageProductDependencies = (
				853061722B8DC7E60080E170 /* ArgumentParser */,
				850E69BA2BA14B080002D1F9 /* Algorithms */,
			);
			productName = SudokuSolver_Swift_Tests;
			productReference = 85F52FBB2B19A7A50018E190 /* SudokuSolver_Swift_Tests.xctest */;
			productType = "com.apple.product-type.bundle.unit-test";
		};
/* End PBXNativeTarget section */

/* Begin PBXProject section */
		85F34B2E2AC35C3F00744103 /* Project object */ = {
			isa = PBXProject;
			attributes = {
				BuildIndependentTargetsInParallel = 1;
				LastSwiftUpdateCheck = 1500;
				LastUpgradeCheck = 1510;
				TargetAttributes = {
					85F34B352AC35C3F00744103 = {
						CreatedOnToolsVersion = 15.0;
					};
					85F52FBA2B19A7A50018E190 = {
						CreatedOnToolsVersion = 15.0.1;
					};
				};
			};
			buildConfigurationList = 85F34B312AC35C3F00744103 /* Build configuration list for PBXProject "SudokuSolver_Swift" */;
			compatibilityVersion = "Xcode 14.0";
			developmentRegion = en;
			hasScannedForEncodings = 0;
			knownRegions = (
				en,
				Base,
			);
			mainGroup = 85F34B2D2AC35C3F00744103;
			packageReferences = (
				8530616E2B8D84AF0080E170 /* XCRemoteSwiftPackageReference "swift-argument-parser" */,
				850E69B72BA14AE70002D1F9 /* XCRemoteSwiftPackageReference "swift-algorithms" */,
			);
			productRefGroup = 85F34B372AC35C3F00744103 /* Products */;
			projectDirPath = "";
			projectRoot = "";
			targets = (
				85F34B352AC35C3F00744103 /* SudokuSolver_Swift */,
				85F52FBA2B19A7A50018E190 /* SudokuSolver_Swift_Tests */,
			);
		};
/* End PBXProject section */

/* Begin PBXResourcesBuildPhase section */
		85F52FB92B19A7A50018E190 /* Resources */ = {
			isa = PBXResourcesBuildPhase;
			buildActionMask = 2147483647;
			files = (
			);
			runOnlyForDeploymentPostprocessing = 0;
		};
/* End PBXResourcesBuildPhase section */

/* Begin PBXSourcesBuildPhase section */
		85F34B322AC35C3F00744103 /* Sources */ = {
			isa = PBXSourcesBuildPhase;
			buildActionMask = 2147483647;
			files = (
				85EB77592B3C86670084B86F /* BoardModification.swift in Sources */,
				85F57BE02AF4069400144ABF /* BruteForce.swift in Sources */,
				85EB776D2B51EBE90084B86F /* SudokuSolver.swift in Sources */,
				85F52FCD2B1F02020018E190 /* Cell.swift in Sources */,
				85CF6BFC2ADA611A0076BD62 /* SudokuNumber.swift in Sources */,
				85EB77662B3E0A510084B86F /* NakedSingles.swift in Sources */,
				85CF6BFE2ADA63520076BD62 /* Board.swift in Sources */,
				85EB77602B3CD64C0084B86F /* PruneCandidates.swift in Sources */,
			);
			runOnlyForDeploymentPostprocessing = 0;
		};
		85F52FB72B19A7A50018E190 /* Sources */ = {
			isa = PBXSourcesBuildPhase;
			buildActionMask = 2147483647;
			files = (
				85EB775C2B3C95E80084B86F /* BoardModification.swift in Sources */,
				85EB776E2B51EBE90084B86F /* SudokuSolver.swift in Sources */,
				85F52FC72B19AB2B0018E190 /* BruteForce.swift in Sources */,
				85EB775D2B3C95F60084B86F /* Cell.swift in Sources */,
				85EB776B2B51EA350084B86F /* SudokuSolverTest.swift in Sources */,
				85F52FC62B19A96F0018E190 /* BruteForceTest.swift in Sources */,
				85EB77692B3E0CAC0084B86F /* NakedSingles.swift in Sources */,
				85F52FC22B19A8730018E190 /* SudokuNumber.swift in Sources */,
				85EB775B2B3C958E0084B86F /* Assertions.swift in Sources */,
				85EB77632B3CD6DD0084B86F /* PruneCandidatesTest.swift in Sources */,
				85EB77642B3CDAB00084B86F /* PruneCandidates.swift in Sources */,
				85F52FC42B19A8CD0018E190 /* Board.swift in Sources */,
				85EB77682B3E0A9F0084B86F /* NakedSinglesTest.swift in Sources */,
			);
			runOnlyForDeploymentPostprocessing = 0;
		};
/* End PBXSourcesBuildPhase section */

/* Begin XCBuildConfiguration section */
		85F34B3B2AC35C3F00744103 /* Debug */ = {
			isa = XCBuildConfiguration;
			buildSettings = {
				ALWAYS_SEARCH_USER_PATHS = NO;
				ASSETCATALOG_COMPILER_GENERATE_SWIFT_ASSET_SYMBOL_EXTENSIONS = YES;
				CLANG_ANALYZER_NONNULL = YES;
				CLANG_ANALYZER_NUMBER_OBJECT_CONVERSION = YES_AGGRESSIVE;
				CLANG_CXX_LANGUAGE_STANDARD = "gnu++20";
				CLANG_ENABLE_MODULES = YES;
				CLANG_ENABLE_OBJC_ARC = YES;
				CLANG_ENABLE_OBJC_WEAK = YES;
				CLANG_WARN_BLOCK_CAPTURE_AUTORELEASING = YES;
				CLANG_WARN_BOOL_CONVERSION = YES;
				CLANG_WARN_COMMA = YES;
				CLANG_WARN_CONSTANT_CONVERSION = YES;
				CLANG_WARN_DEPRECATED_OBJC_IMPLEMENTATIONS = YES;
				CLANG_WARN_DIRECT_OBJC_ISA_USAGE = YES_ERROR;
				CLANG_WARN_DOCUMENTATION_COMMENTS = YES;
				CLANG_WARN_EMPTY_BODY = YES;
				CLANG_WARN_ENUM_CONVERSION = YES;
				CLANG_WARN_INFINITE_RECURSION = YES;
				CLANG_WARN_INT_CONVERSION = YES;
				CLANG_WARN_NON_LITERAL_NULL_CONVERSION = YES;
				CLANG_WARN_OBJC_IMPLICIT_RETAIN_SELF = YES;
				CLANG_WARN_OBJC_LITERAL_CONVERSION = YES;
				CLANG_WARN_OBJC_ROOT_CLASS = YES_ERROR;
				CLANG_WARN_QUOTED_INCLUDE_IN_FRAMEWORK_HEADER = YES;
				CLANG_WARN_RANGE_LOOP_ANALYSIS = YES;
				CLANG_WARN_STRICT_PROTOTYPES = YES;
				CLANG_WARN_SUSPICIOUS_MOVE = YES;
				CLANG_WARN_UNGUARDED_AVAILABILITY = YES_AGGRESSIVE;
				CLANG_WARN_UNREACHABLE_CODE = YES;
				CLANG_WARN__DUPLICATE_METHOD_MATCH = YES;
				COPY_PHASE_STRIP = NO;
				DEAD_CODE_STRIPPING = YES;
				DEBUG_INFORMATION_FORMAT = dwarf;
				ENABLE_STRICT_OBJC_MSGSEND = YES;
				ENABLE_TESTABILITY = YES;
				ENABLE_USER_SCRIPT_SANDBOXING = YES;
				GCC_C_LANGUAGE_STANDARD = gnu17;
				GCC_DYNAMIC_NO_PIC = NO;
				GCC_NO_COMMON_BLOCKS = YES;
				GCC_OPTIMIZATION_LEVEL = 0;
				GCC_PREPROCESSOR_DEFINITIONS = (
					"DEBUG=1",
					"$(inherited)",
				);
				GCC_WARN_64_TO_32_BIT_CONVERSION = YES;
				GCC_WARN_ABOUT_RETURN_TYPE = YES_ERROR;
				GCC_WARN_UNDECLARED_SELECTOR = YES;
				GCC_WARN_UNINITIALIZED_AUTOS = YES_AGGRESSIVE;
				GCC_WARN_UNUSED_FUNCTION = YES;
				GCC_WARN_UNUSED_VARIABLE = YES;
				LOCALIZATION_PREFERS_STRING_CATALOGS = YES;
				MACOSX_DEPLOYMENT_TARGET = 13.6;
				MTL_ENABLE_DEBUG_INFO = INCLUDE_SOURCE;
				MTL_FAST_MATH = YES;
				ONLY_ACTIVE_ARCH = YES;
				SDKROOT = macosx;
				SWIFT_ACTIVE_COMPILATION_CONDITIONS = "DEBUG $(inherited)";
				SWIFT_OPTIMIZATION_LEVEL = "-Onone";
			};
			name = Debug;
		};
		85F34B3C2AC35C3F00744103 /* Release */ = {
			isa = XCBuildConfiguration;
			buildSettings = {
				ALWAYS_SEARCH_USER_PATHS = NO;
				ASSETCATALOG_COMPILER_GENERATE_SWIFT_ASSET_SYMBOL_EXTENSIONS = YES;
				CLANG_ANALYZER_NONNULL = YES;
				CLANG_ANALYZER_NUMBER_OBJECT_CONVERSION = YES_AGGRESSIVE;
				CLANG_CXX_LANGUAGE_STANDARD = "gnu++20";
				CLANG_ENABLE_MODULES = YES;
				CLANG_ENABLE_OBJC_ARC = YES;
				CLANG_ENABLE_OBJC_WEAK = YES;
				CLANG_WARN_BLOCK_CAPTURE_AUTORELEASING = YES;
				CLANG_WARN_BOOL_CONVERSION = YES;
				CLANG_WARN_COMMA = YES;
				CLANG_WARN_CONSTANT_CONVERSION = YES;
				CLANG_WARN_DEPRECATED_OBJC_IMPLEMENTATIONS = YES;
				CLANG_WARN_DIRECT_OBJC_ISA_USAGE = YES_ERROR;
				CLANG_WARN_DOCUMENTATION_COMMENTS = YES;
				CLANG_WARN_EMPTY_BODY = YES;
				CLANG_WARN_ENUM_CONVERSION = YES;
				CLANG_WARN_INFINITE_RECURSION = YES;
				CLANG_WARN_INT_CONVERSION = YES;
				CLANG_WARN_NON_LITERAL_NULL_CONVERSION = YES;
				CLANG_WARN_OBJC_IMPLICIT_RETAIN_SELF = YES;
				CLANG_WARN_OBJC_LITERAL_CONVERSION = YES;
				CLANG_WARN_OBJC_ROOT_CLASS = YES_ERROR;
				CLANG_WARN_QUOTED_INCLUDE_IN_FRAMEWORK_HEADER = YES;
				CLANG_WARN_RANGE_LOOP_ANALYSIS = YES;
				CLANG_WARN_STRICT_PROTOTYPES = YES;
				CLANG_WARN_SUSPICIOUS_MOVE = YES;
				CLANG_WARN_UNGUARDED_AVAILABILITY = YES_AGGRESSIVE;
				CLANG_WARN_UNREACHABLE_CODE = YES;
				CLANG_WARN__DUPLICATE_METHOD_MATCH = YES;
				COPY_PHASE_STRIP = NO;
				DEAD_CODE_STRIPPING = YES;
				DEBUG_INFORMATION_FORMAT = "dwarf-with-dsym";
				ENABLE_NS_ASSERTIONS = NO;
				ENABLE_STRICT_OBJC_MSGSEND = YES;
				ENABLE_USER_SCRIPT_SANDBOXING = YES;
				GCC_C_LANGUAGE_STANDARD = gnu17;
				GCC_NO_COMMON_BLOCKS = YES;
				GCC_WARN_64_TO_32_BIT_CONVERSION = YES;
				GCC_WARN_ABOUT_RETURN_TYPE = YES_ERROR;
				GCC_WARN_UNDECLARED_SELECTOR = YES;
				GCC_WARN_UNINITIALIZED_AUTOS = YES_AGGRESSIVE;
				GCC_WARN_UNUSED_FUNCTION = YES;
				GCC_WARN_UNUSED_VARIABLE = YES;
				LOCALIZATION_PREFERS_STRING_CATALOGS = YES;
				MACOSX_DEPLOYMENT_TARGET = 13.6;
				MTL_ENABLE_DEBUG_INFO = NO;
				MTL_FAST_MATH = YES;
				SDKROOT = macosx;
				SWIFT_COMPILATION_MODE = wholemodule;
			};
			name = Release;
		};
		85F34B3E2AC35C3F00744103 /* Debug */ = {
			isa = XCBuildConfiguration;
			buildSettings = {
				CODE_SIGN_STYLE = Automatic;
				DEAD_CODE_STRIPPING = YES;
				DEVELOPMENT_TEAM = VB25YVU6S6;
				ENABLE_HARDENED_RUNTIME = YES;
				PRODUCT_NAME = "$(TARGET_NAME)";
				SWIFT_VERSION = 5.0;
			};
			name = Debug;
		};
		85F34B3F2AC35C3F00744103 /* Release */ = {
			isa = XCBuildConfiguration;
			buildSettings = {
				CODE_SIGN_STYLE = Automatic;
				DEAD_CODE_STRIPPING = YES;
				DEVELOPMENT_TEAM = VB25YVU6S6;
				ENABLE_HARDENED_RUNTIME = YES;
				PRODUCT_NAME = "$(TARGET_NAME)";
				SWIFT_VERSION = 5.0;
			};
			name = Release;
		};
		85F52FBF2B19A7A50018E190 /* Debug */ = {
			isa = XCBuildConfiguration;
			buildSettings = {
				CODE_SIGN_STYLE = Automatic;
				CURRENT_PROJECT_VERSION = 1;
				DEAD_CODE_STRIPPING = YES;
				DEVELOPMENT_TEAM = VB25YVU6S6;
				GENERATE_INFOPLIST_FILE = YES;
				MACOSX_DEPLOYMENT_TARGET = 14.0;
				MARKETING_VERSION = 1.0;
				PRODUCT_BUNDLE_IDENTIFIER = "com.seibel.SudokuSolver-Swift-Tests";
				PRODUCT_NAME = "$(TARGET_NAME)";
				SWIFT_EMIT_LOC_STRINGS = NO;
				SWIFT_VERSION = 5.0;
			};
			name = Debug;
		};
		85F52FC02B19A7A50018E190 /* Release */ = {
			isa = XCBuildConfiguration;
			buildSettings = {
				CODE_SIGN_STYLE = Automatic;
				CURRENT_PROJECT_VERSION = 1;
				DEAD_CODE_STRIPPING = YES;
				DEVELOPMENT_TEAM = VB25YVU6S6;
				GENERATE_INFOPLIST_FILE = YES;
				MACOSX_DEPLOYMENT_TARGET = 14.0;
				MARKETING_VERSION = 1.0;
				PRODUCT_BUNDLE_IDENTIFIER = "com.seibel.SudokuSolver-Swift-Tests";
				PRODUCT_NAME = "$(TARGET_NAME)";
				SWIFT_EMIT_LOC_STRINGS = NO;
				SWIFT_VERSION = 5.0;
			};
			name = Release;
		};
/* End XCBuildConfiguration section */

/* Begin XCConfigurationList section */
		85F34B312AC35C3F00744103 /* Build configuration list for PBXProject "SudokuSolver_Swift" */ = {
			isa = XCConfigurationList;
			buildConfigurations = (
				85F34B3B2AC35C3F00744103 /* Debug */,
				85F34B3C2AC35C3F00744103 /* Release */,
			);
			defaultConfigurationIsVisible = 0;
			defaultConfigurationName = Release;
		};
		85F34B3D2AC35C3F00744103 /* Build configuration list for PBXNativeTarget "SudokuSolver_Swift" */ = {
			isa = XCConfigurationList;
			buildConfigurations = (
				85F34B3E2AC35C3F00744103 /* Debug */,
				85F34B3F2AC35C3F00744103 /* Release */,
			);
			defaultConfigurationIsVisible = 0;
			defaultConfigurationName = Release;
		};
		85F52FC12B19A7A50018E190 /* Build configuration list for PBXNativeTarget "SudokuSolver_Swift_Tests" */ = {
			isa = XCConfigurationList;
			buildConfigurations = (
				85F52FBF2B19A7A50018E190 /* Debug */,
				85F52FC02B19A7A50018E190 /* Release */,
			);
			defaultConfigurationIsVisible = 0;
			defaultConfigurationName = Release;
		};
/* End XCConfigurationList section */

/* Begin XCRemoteSwiftPackageReference section */
		850E69B72BA14AE70002D1F9 /* XCRemoteSwiftPackageReference "swift-algorithms" */ = {
			isa = XCRemoteSwiftPackageReference;
			repositoryURL = "https://github.com/apple/swift-algorithms.git";
			requirement = {
				kind = upToNextMajorVersion;
				minimumVersion = 1.2.0;
			};
		};
		8530616E2B8D84AF0080E170 /* XCRemoteSwiftPackageReference "swift-argument-parser" */ = {
			isa = XCRemoteSwiftPackageReference;
			repositoryURL = "https://github.com/apple/swift-argument-parser.git";
			requirement = {
				kind = upToNextMajorVersion;
				minimumVersion = 1.3.0;
			};
		};
/* End XCRemoteSwiftPackageReference section */

/* Begin XCSwiftPackageProductDependency section */
		850E69B82BA14AE70002D1F9 /* Algorithms */ = {
			isa = XCSwiftPackageProductDependency;
			package = 850E69B72BA14AE70002D1F9 /* XCRemoteSwiftPackageReference "swift-algorithms" */;
			productName = Algorithms;
		};
		850E69BA2BA14B080002D1F9 /* Algorithms */ = {
			isa = XCSwiftPackageProductDependency;
			package = 850E69B72BA14AE70002D1F9 /* XCRemoteSwiftPackageReference "swift-algorithms" */;
			productName = Algorithms;
		};
		8530616F2B8D84AF0080E170 /* ArgumentParser */ = {
			isa = XCSwiftPackageProductDependency;
			package = 8530616E2B8D84AF0080E170 /* XCRemoteSwiftPackageReference "swift-argument-parser" */;
			productName = ArgumentParser;
		};
		853061722B8DC7E60080E170 /* ArgumentParser */ = {
			isa = XCSwiftPackageProductDependency;
			package = 8530616E2B8D84AF0080E170 /* XCRemoteSwiftPackageReference "swift-argument-parser" */;
			productName = ArgumentParser;
		};
/* End XCSwiftPackageProductDependency section */
	};
	rootObject = 85F34B2E2AC35C3F00744103 /* Project object */;
}
